// !$*UTF8*$!
{
	archiveVersion = 1;
	classes = {
	};
	objectVersion = 55;
	objects = {

/* Begin PBXBuildFile section */
		391921FE2840BB3A00094A48 /* GongbuApp.swift in Sources */ = {isa = PBXBuildFile; fileRef = 391921FD2840BB3A00094A48 /* GongbuApp.swift */; };
		391922002840BB3A00094A48 /* ContentView.swift in Sources */ = {isa = PBXBuildFile; fileRef = 391921FF2840BB3A00094A48 /* ContentView.swift */; };
		391922022840BB3B00094A48 /* Assets.xcassets in Resources */ = {isa = PBXBuildFile; fileRef = 391922012840BB3B00094A48 /* Assets.xcassets */; };
		391922052840BB3B00094A48 /* Preview Assets.xcassets in Resources */ = {isa = PBXBuildFile; fileRef = 391922042840BB3B00094A48 /* Preview Assets.xcassets */; };
		7757BFA32851FEAF000182E5 /* DetailView.swift in Sources */ = {isa = PBXBuildFile; fileRef = 7757BFA22851FEAF000182E5 /* DetailView.swift */; };
		7757BFA928520002000182E5 /* RoomListDemo.swift in Sources */ = {isa = PBXBuildFile; fileRef = 7757BFA828520002000182E5 /* RoomListDemo.swift */; };
		7757BFAB28520127000182E5 /* DetailRankingView.swift in Sources */ = {isa = PBXBuildFile; fileRef = 7757BFAA28520127000182E5 /* DetailRankingView.swift */; };
		7757BFAD28520134000182E5 /* DetailNFCView.swift in Sources */ = {isa = PBXBuildFile; fileRef = 7757BFAC28520134000182E5 /* DetailNFCView.swift */; };
		7757BFAF28520143000182E5 /* DetailInformationView.swift in Sources */ = {isa = PBXBuildFile; fileRef = 7757BFAE28520143000182E5 /* DetailInformationView.swift */; };
		7757BFB1285210AB000182E5 /* UserGrid.swift in Sources */ = {isa = PBXBuildFile; fileRef = 7757BFB0285210AB000182E5 /* UserGrid.swift */; };
		7757BFB328521FA6000182E5 /* NFCButton.swift in Sources */ = {isa = PBXBuildFile; fileRef = 7757BFB228521FA6000182E5 /* NFCButton.swift */; };
		7757BFB528522D51000182E5 /* RoomCode.swift in Sources */ = {isa = PBXBuildFile; fileRef = 7757BFB428522D51000182E5 /* RoomCode.swift */; };
		7757BFB728522D75000182E5 /* StudySchedule.swift in Sources */ = {isa = PBXBuildFile; fileRef = 7757BFB628522D75000182E5 /* StudySchedule.swift */; };
		7757BFB92852E520000182E5 /* Ranking.swift in Sources */ = {isa = PBXBuildFile; fileRef = 7757BFB82852E520000182E5 /* Ranking.swift */; };
		77F212A32854C31B0066E537 /* ToastView.swift in Sources */ = {isa = PBXBuildFile; fileRef = 77F212A22854C31B0066E537 /* ToastView.swift */; };
/* End PBXBuildFile section */

/* Begin PBXFileReference section */
		391921FA2840BB3A00094A48 /* Gongbu.app */ = {isa = PBXFileReference; explicitFileType = wrapper.application; includeInIndex = 0; path = Gongbu.app; sourceTree = BUILT_PRODUCTS_DIR; };
		391921FD2840BB3A00094A48 /* GongbuApp.swift */ = {isa = PBXFileReference; lastKnownFileType = sourcecode.swift; path = GongbuApp.swift; sourceTree = "<group>"; };
		391921FF2840BB3A00094A48 /* ContentView.swift */ = {isa = PBXFileReference; lastKnownFileType = sourcecode.swift; path = ContentView.swift; sourceTree = "<group>"; };
		391922012840BB3B00094A48 /* Assets.xcassets */ = {isa = PBXFileReference; lastKnownFileType = folder.assetcatalog; path = Assets.xcassets; sourceTree = "<group>"; };
		391922042840BB3B00094A48 /* Preview Assets.xcassets */ = {isa = PBXFileReference; lastKnownFileType = folder.assetcatalog; path = "Preview Assets.xcassets"; sourceTree = "<group>"; };
		7757BFA22851FEAF000182E5 /* DetailView.swift */ = {isa = PBXFileReference; lastKnownFileType = sourcecode.swift; path = DetailView.swift; sourceTree = "<group>"; };
		7757BFA828520002000182E5 /* RoomListDemo.swift */ = {isa = PBXFileReference; lastKnownFileType = sourcecode.swift; path = RoomListDemo.swift; sourceTree = "<group>"; };
		7757BFAA28520127000182E5 /* DetailRankingView.swift */ = {isa = PBXFileReference; lastKnownFileType = sourcecode.swift; path = DetailRankingView.swift; sourceTree = "<group>"; };
		7757BFAC28520134000182E5 /* DetailNFCView.swift */ = {isa = PBXFileReference; lastKnownFileType = sourcecode.swift; path = DetailNFCView.swift; sourceTree = "<group>"; };
		7757BFAE28520143000182E5 /* DetailInformationView.swift */ = {isa = PBXFileReference; lastKnownFileType = sourcecode.swift; path = DetailInformationView.swift; sourceTree = "<group>"; };
		7757BFB0285210AB000182E5 /* UserGrid.swift */ = {isa = PBXFileReference; lastKnownFileType = sourcecode.swift; path = UserGrid.swift; sourceTree = "<group>"; };
		7757BFB228521FA6000182E5 /* NFCButton.swift */ = {isa = PBXFileReference; lastKnownFileType = sourcecode.swift; path = NFCButton.swift; sourceTree = "<group>"; };
		7757BFB428522D51000182E5 /* RoomCode.swift */ = {isa = PBXFileReference; lastKnownFileType = sourcecode.swift; path = RoomCode.swift; sourceTree = "<group>"; };
		7757BFB628522D75000182E5 /* StudySchedule.swift */ = {isa = PBXFileReference; lastKnownFileType = sourcecode.swift; path = StudySchedule.swift; sourceTree = "<group>"; };
		7757BFB82852E520000182E5 /* Ranking.swift */ = {isa = PBXFileReference; lastKnownFileType = sourcecode.swift; path = Ranking.swift; sourceTree = "<group>"; };
		77F212A22854C31B0066E537 /* ToastView.swift */ = {isa = PBXFileReference; lastKnownFileType = sourcecode.swift; path = ToastView.swift; sourceTree = "<group>"; };
/* End PBXFileReference section */

/* Begin PBXFrameworksBuildPhase section */
		391921F72840BB3A00094A48 /* Frameworks */ = {
			isa = PBXFrameworksBuildPhase;
			buildActionMask = 2147483647;
			files = (
			);
			runOnlyForDeploymentPostprocessing = 0;
		};
/* End PBXFrameworksBuildPhase section */

/* Begin PBXGroup section */
		391921F12840BB3A00094A48 = {
			isa = PBXGroup;
			children = (
				391921FC2840BB3A00094A48 /* Gongbu */,
				391921FB2840BB3A00094A48 /* Products */,
			);
			sourceTree = "<group>";
		};
		391921FB2840BB3A00094A48 /* Products */ = {
			isa = PBXGroup;
			children = (
				391921FA2840BB3A00094A48 /* Gongbu.app */,
			);
			name = Products;
			sourceTree = "<group>";
		};
		391921FC2840BB3A00094A48 /* Gongbu */ = {
			isa = PBXGroup;
			children = (
				391921FD2840BB3A00094A48 /* GongbuApp.swift */,
				391921FF2840BB3A00094A48 /* ContentView.swift */,
				7757BFA12851FE9C000182E5 /* Detail */,
				391922012840BB3B00094A48 /* Assets.xcassets */,
				391922032840BB3B00094A48 /* Preview Content */,
			);
			path = Gongbu;
			sourceTree = "<group>";
		};
		391922032840BB3B00094A48 /* Preview Content */ = {
			isa = PBXGroup;
			children = (
				391922042840BB3B00094A48 /* Preview Assets.xcassets */,
			);
			path = "Preview Content";
			sourceTree = "<group>";
		};
		7757BFA12851FE9C000182E5 /* Detail */ = {
			isa = PBXGroup;
			children = (
				7757BFA22851FEAF000182E5 /* DetailView.swift */,
				7757BFBA28531610000182E5 /* DetailNFC */,
				7757BFBB28531633000182E5 /* DetailInformation */,
				7757BFBC2853166B000182E5 /* DetailRanking */,
				7757BFA828520002000182E5 /* RoomListDemo.swift */,
			);
			path = Detail;
			sourceTree = "<group>";
		};
		7757BFBA28531610000182E5 /* DetailNFC */ = {
			isa = PBXGroup;
			children = (
				7757BFAC28520134000182E5 /* DetailNFCView.swift */,
				7757BFB228521FA6000182E5 /* NFCButton.swift */,
				7757BFB0285210AB000182E5 /* UserGrid.swift */,
			);
			path = DetailNFC;
			sourceTree = "<group>";
		};
		7757BFBB28531633000182E5 /* DetailInformation */ = {
			isa = PBXGroup;
			children = (
				7757BFAE28520143000182E5 /* DetailInformationView.swift */,
				7757BFB428522D51000182E5 /* RoomCode.swift */,
				7757BFB628522D75000182E5 /* StudySchedule.swift */,
				77F212A22854C31B0066E537 /* ToastView.swift */,
			);
			path = DetailInformation;
			sourceTree = "<group>";
		};
		7757BFBC2853166B000182E5 /* DetailRanking */ = {
			isa = PBXGroup;
			children = (
				7757BFAA28520127000182E5 /* DetailRankingView.swift */,
				7757BFB82852E520000182E5 /* Ranking.swift */,
			);
			path = DetailRanking;
			sourceTree = "<group>";
		};
/* End PBXGroup section */

/* Begin PBXNativeTarget section */
		391921F92840BB3A00094A48 /* Gongbu */ = {
			isa = PBXNativeTarget;
			buildConfigurationList = 391922082840BB3B00094A48 /* Build configuration list for PBXNativeTarget "Gongbu" */;
			buildPhases = (
				391921F62840BB3A00094A48 /* Sources */,
				391921F72840BB3A00094A48 /* Frameworks */,
				391921F82840BB3A00094A48 /* Resources */,
			);
			buildRules = (
			);
			dependencies = (
			);
			name = Gongbu;
			productName = Gongbu;
			productReference = 391921FA2840BB3A00094A48 /* Gongbu.app */;
			productType = "com.apple.product-type.application";
		};
/* End PBXNativeTarget section */

/* Begin PBXProject section */
		391921F22840BB3A00094A48 /* Project object */ = {
			isa = PBXProject;
			attributes = {
				BuildIndependentTargetsInParallel = 1;
				LastSwiftUpdateCheck = 1330;
				LastUpgradeCheck = 1330;
				TargetAttributes = {
					391921F92840BB3A00094A48 = {
						CreatedOnToolsVersion = 13.3;
					};
				};
			};
			buildConfigurationList = 391921F52840BB3A00094A48 /* Build configuration list for PBXProject "Gongbu" */;
			compatibilityVersion = "Xcode 13.0";
			developmentRegion = en;
			hasScannedForEncodings = 0;
			knownRegions = (
				en,
				Base,
			);
			mainGroup = 391921F12840BB3A00094A48;
			productRefGroup = 391921FB2840BB3A00094A48 /* Products */;
			projectDirPath = "";
			projectRoot = "";
			targets = (
				391921F92840BB3A00094A48 /* Gongbu */,
			);
		};
/* End PBXProject section */

/* Begin PBXResourcesBuildPhase section */
		391921F82840BB3A00094A48 /* Resources */ = {
			isa = PBXResourcesBuildPhase;
			buildActionMask = 2147483647;
			files = (
				391922052840BB3B00094A48 /* Preview Assets.xcassets in Resources */,
				391922022840BB3B00094A48 /* Assets.xcassets in Resources */,
			);
			runOnlyForDeploymentPostprocessing = 0;
		};
/* End PBXResourcesBuildPhase section */

/* Begin PBXSourcesBuildPhase section */
		391921F62840BB3A00094A48 /* Sources */ = {
			isa = PBXSourcesBuildPhase;
			buildActionMask = 2147483647;
			files = (
				391922002840BB3A00094A48 /* ContentView.swift in Sources */,
				7757BFB728522D75000182E5 /* StudySchedule.swift in Sources */,
				7757BFB528522D51000182E5 /* RoomCode.swift in Sources */,
				7757BFAD28520134000182E5 /* DetailNFCView.swift in Sources */,
				7757BFAB28520127000182E5 /* DetailRankingView.swift in Sources */,
				7757BFB328521FA6000182E5 /* NFCButton.swift in Sources */,
				7757BFA32851FEAF000182E5 /* DetailView.swift in Sources */,
				77F212A32854C31B0066E537 /* ToastView.swift in Sources */,
				391921FE2840BB3A00094A48 /* GongbuApp.swift in Sources */,
				7757BFAF28520143000182E5 /* DetailInformationView.swift in Sources */,
				7757BFB1285210AB000182E5 /* UserGrid.swift in Sources */,
				7757BFB92852E520000182E5 /* Ranking.swift in Sources */,
				7757BFA928520002000182E5 /* RoomListDemo.swift in Sources */,
			);
			runOnlyForDeploymentPostprocessing = 0;
		};
/* End PBXSourcesBuildPhase section */

/* Begin XCBuildConfiguration section */
		391922062840BB3B00094A48 /* Debug */ = {
			isa = XCBuildConfiguration;
			buildSettings = {
				ALWAYS_SEARCH_USER_PATHS = NO;
				CLANG_ANALYZER_NONNULL = YES;
				CLANG_ANALYZER_NUMBER_OBJECT_CONVERSION = YES_AGGRESSIVE;
				CLANG_CXX_LANGUAGE_STANDARD = "gnu++17";
				CLANG_ENABLE_MODULES = YES;
				CLANG_ENABLE_OBJC_ARC = YES;
				CLANG_ENABLE_OBJC_WEAK = YES;
				CLANG_WARN_BLOCK_CAPTURE_AUTORELEASING = YES;
				CLANG_WARN_BOOL_CONVERSION = YES;
				CLANG_WARN_COMMA = YES;
				CLANG_WARN_CONSTANT_CONVERSION = YES;
				CLANG_WARN_DEPRECATED_OBJC_IMPLEMENTATIONS = YES;
				CLANG_WARN_DIRECT_OBJC_ISA_USAGE = YES_ERROR;
				CLANG_WARN_DOCUMENTATION_COMMENTS = YES;
				CLANG_WARN_EMPTY_BODY = YES;
				CLANG_WARN_ENUM_CONVERSION = YES;
				CLANG_WARN_INFINITE_RECURSION = YES;
				CLANG_WARN_INT_CONVERSION = YES;
				CLANG_WARN_NON_LITERAL_NULL_CONVERSION = YES;
				CLANG_WARN_OBJC_IMPLICIT_RETAIN_SELF = YES;
				CLANG_WARN_OBJC_LITERAL_CONVERSION = YES;
				CLANG_WARN_OBJC_ROOT_CLASS = YES_ERROR;
				CLANG_WARN_QUOTED_INCLUDE_IN_FRAMEWORK_HEADER = YES;
				CLANG_WARN_RANGE_LOOP_ANALYSIS = YES;
				CLANG_WARN_STRICT_PROTOTYPES = YES;
				CLANG_WARN_SUSPICIOUS_MOVE = YES;
				CLANG_WARN_UNGUARDED_AVAILABILITY = YES_AGGRESSIVE;
				CLANG_WARN_UNREACHABLE_CODE = YES;
				CLANG_WARN__DUPLICATE_METHOD_MATCH = YES;
				COPY_PHASE_STRIP = NO;
				DEBUG_INFORMATION_FORMAT = dwarf;
				ENABLE_STRICT_OBJC_MSGSEND = YES;
				ENABLE_TESTABILITY = YES;
				GCC_C_LANGUAGE_STANDARD = gnu11;
				GCC_DYNAMIC_NO_PIC = NO;
				GCC_NO_COMMON_BLOCKS = YES;
				GCC_OPTIMIZATION_LEVEL = 0;
				GCC_PREPROCESSOR_DEFINITIONS = (
					"DEBUG=1",
					"$(inherited)",
				);
				GCC_WARN_64_TO_32_BIT_CONVERSION = YES;
				GCC_WARN_ABOUT_RETURN_TYPE = YES_ERROR;
				GCC_WARN_UNDECLARED_SELECTOR = YES;
				GCC_WARN_UNINITIALIZED_AUTOS = YES_AGGRESSIVE;
				GCC_WARN_UNUSED_FUNCTION = YES;
				GCC_WARN_UNUSED_VARIABLE = YES;
				IPHONEOS_DEPLOYMENT_TARGET = 15.4;
				MTL_ENABLE_DEBUG_INFO = INCLUDE_SOURCE;
				MTL_FAST_MATH = YES;
				ONLY_ACTIVE_ARCH = YES;
				SDKROOT = iphoneos;
				SWIFT_ACTIVE_COMPILATION_CONDITIONS = DEBUG;
				SWIFT_OPTIMIZATION_LEVEL = "-Onone";
			};
			name = Debug;
		};
		391922072840BB3B00094A48 /* Release */ = {
			isa = XCBuildConfiguration;
			buildSettings = {
				ALWAYS_SEARCH_USER_PATHS = NO;
				CLANG_ANALYZER_NONNULL = YES;
				CLANG_ANALYZER_NUMBER_OBJECT_CONVERSION = YES_AGGRESSIVE;
				CLANG_CXX_LANGUAGE_STANDARD = "gnu++17";
				CLANG_ENABLE_MODULES = YES;
				CLANG_ENABLE_OBJC_ARC = YES;
				CLANG_ENABLE_OBJC_WEAK = YES;
				CLANG_WARN_BLOCK_CAPTURE_AUTORELEASING = YES;
				CLANG_WARN_BOOL_CONVERSION = YES;
				CLANG_WARN_COMMA = YES;
				CLANG_WARN_CONSTANT_CONVERSION = YES;
				CLANG_WARN_DEPRECATED_OBJC_IMPLEMENTATIONS = YES;
				CLANG_WARN_DIRECT_OBJC_ISA_USAGE = YES_ERROR;
				CLANG_WARN_DOCUMENTATION_COMMENTS = YES;
				CLANG_WARN_EMPTY_BODY = YES;
				CLANG_WARN_ENUM_CONVERSION = YES;
				CLANG_WARN_INFINITE_RECURSION = YES;
				CLANG_WARN_INT_CONVERSION = YES;
				CLANG_WARN_NON_LITERAL_NULL_CONVERSION = YES;
				CLANG_WARN_OBJC_IMPLICIT_RETAIN_SELF = YES;
				CLANG_WARN_OBJC_LITERAL_CONVERSION = YES;
				CLANG_WARN_OBJC_ROOT_CLASS = YES_ERROR;
				CLANG_WARN_QUOTED_INCLUDE_IN_FRAMEWORK_HEADER = YES;
				CLANG_WARN_RANGE_LOOP_ANALYSIS = YES;
				CLANG_WARN_STRICT_PROTOTYPES = YES;
				CLANG_WARN_SUSPICIOUS_MOVE = YES;
				CLANG_WARN_UNGUARDED_AVAILABILITY = YES_AGGRESSIVE;
				CLANG_WARN_UNREACHABLE_CODE = YES;
				CLANG_WARN__DUPLICATE_METHOD_MATCH = YES;
				COPY_PHASE_STRIP = NO;
				DEBUG_INFORMATION_FORMAT = "dwarf-with-dsym";
				ENABLE_NS_ASSERTIONS = NO;
				ENABLE_STRICT_OBJC_MSGSEND = YES;
				GCC_C_LANGUAGE_STANDARD = gnu11;
				GCC_NO_COMMON_BLOCKS = YES;
				GCC_WARN_64_TO_32_BIT_CONVERSION = YES;
				GCC_WARN_ABOUT_RETURN_TYPE = YES_ERROR;
				GCC_WARN_UNDECLARED_SELECTOR = YES;
				GCC_WARN_UNINITIALIZED_AUTOS = YES_AGGRESSIVE;
				GCC_WARN_UNUSED_FUNCTION = YES;
				GCC_WARN_UNUSED_VARIABLE = YES;
				IPHONEOS_DEPLOYMENT_TARGET = 15.4;
				MTL_ENABLE_DEBUG_INFO = NO;
				MTL_FAST_MATH = YES;
				SDKROOT = iphoneos;
				SWIFT_COMPILATION_MODE = wholemodule;
				SWIFT_OPTIMIZATION_LEVEL = "-O";
				VALIDATE_PRODUCT = YES;
			};
			name = Release;
		};
		391922092840BB3B00094A48 /* Debug */ = {
			isa = XCBuildConfiguration;
			buildSettings = {
				ASSETCATALOG_COMPILER_APPICON_NAME = AppIcon;
				ASSETCATALOG_COMPILER_GLOBAL_ACCENT_COLOR_NAME = AccentColor;
				CODE_SIGN_STYLE = Automatic;
				CURRENT_PROJECT_VERSION = 1;
				DEVELOPMENT_ASSET_PATHS = "\"Gongbu/Preview Content\"";
				DEVELOPMENT_TEAM = G88S43GJPG;
				ENABLE_PREVIEWS = YES;
				GENERATE_INFOPLIST_FILE = YES;
				INFOPLIST_KEY_UIApplicationSceneManifest_Generation = YES;
				INFOPLIST_KEY_UIApplicationSupportsIndirectInputEvents = YES;
				INFOPLIST_KEY_UILaunchScreen_Generation = YES;
				INFOPLIST_KEY_UISupportedInterfaceOrientations_iPad = "UIInterfaceOrientationPortrait UIInterfaceOrientationPortraitUpsideDown UIInterfaceOrientationLandscapeLeft UIInterfaceOrientationLandscapeRight";
				INFOPLIST_KEY_UISupportedInterfaceOrientations_iPhone = "UIInterfaceOrientationPortrait UIInterfaceOrientationLandscapeLeft UIInterfaceOrientationLandscapeRight";
				LD_RUNPATH_SEARCH_PATHS = (
					"$(inherited)",
					"@executable_path/Frameworks",
				);
				MARKETING_VERSION = 1.0;
				PRODUCT_BUNDLE_IDENTIFIER = com.sixguys.Gongbu;
				PRODUCT_NAME = "$(TARGET_NAME)";
				SWIFT_EMIT_LOC_STRINGS = YES;
				SWIFT_VERSION = 5.0;
				TARGETED_DEVICE_FAMILY = "1,2";
			};
			name = Debug;
		};
		3919220A2840BB3B00094A48 /* Release */ = {
			isa = XCBuildConfiguration;
			buildSettings = {
				ASSETCATALOG_COMPILER_APPICON_NAME = AppIcon;
				ASSETCATALOG_COMPILER_GLOBAL_ACCENT_COLOR_NAME = AccentColor;
				CODE_SIGN_STYLE = Automatic;
				CURRENT_PROJECT_VERSION = 1;
				DEVELOPMENT_ASSET_PATHS = "\"Gongbu/Preview Content\"";
				DEVELOPMENT_TEAM = G88S43GJPG;
				ENABLE_PREVIEWS = YES;
				GENERATE_INFOPLIST_FILE = YES;
				INFOPLIST_KEY_UIApplicationSceneManifest_Generation = YES;
				INFOPLIST_KEY_UIApplicationSupportsIndirectInputEvents = YES;
				INFOPLIST_KEY_UILaunchScreen_Generation = YES;
				INFOPLIST_KEY_UISupportedInterfaceOrientations_iPad = "UIInterfaceOrientationPortrait UIInterfaceOrientationPortraitUpsideDown UIInterfaceOrientationLandscapeLeft UIInterfaceOrientationLandscapeRight";
				INFOPLIST_KEY_UISupportedInterfaceOrientations_iPhone = "UIInterfaceOrientationPortrait UIInterfaceOrientationLandscapeLeft UIInterfaceOrientationLandscapeRight";
				LD_RUNPATH_SEARCH_PATHS = (
					"$(inherited)",
					"@executable_path/Frameworks",
				);
				MARKETING_VERSION = 1.0;
				PRODUCT_BUNDLE_IDENTIFIER = com.sixguys.Gongbu;
				PRODUCT_NAME = "$(TARGET_NAME)";
				SWIFT_EMIT_LOC_STRINGS = YES;
				SWIFT_VERSION = 5.0;
				TARGETED_DEVICE_FAMILY = "1,2";
			};
			name = Release;
		};
/* End XCBuildConfiguration section */

/* Begin XCConfigurationList section */
		391921F52840BB3A00094A48 /* Build configuration list for PBXProject "Gongbu" */ = {
			isa = XCConfigurationList;
			buildConfigurations = (
				391922062840BB3B00094A48 /* Debug */,
				391922072840BB3B00094A48 /* Release */,
			);
			defaultConfigurationIsVisible = 0;
			defaultConfigurationName = Release;
		};
		391922082840BB3B00094A48 /* Build configuration list for PBXNativeTarget "Gongbu" */ = {
			isa = XCConfigurationList;
			buildConfigurations = (
				391922092840BB3B00094A48 /* Debug */,
				3919220A2840BB3B00094A48 /* Release */,
			);
			defaultConfigurationIsVisible = 0;
			defaultConfigurationName = Release;
		};
/* End XCConfigurationList section */
	};
	rootObject = 391921F22840BB3A00094A48 /* Project object */;
}
