// !$*UTF8*$!
{
	archiveVersion = 1;
	classes = {
	};
	objectVersion = 55;
	objects = {

/* Begin PBXBuildFile section */
		204E74D6284CDAC600EBEF22 /* FirebaseAnalytics in Frameworks */ = {isa = PBXBuildFile; productRef = 204E74D5284CDAC600EBEF22 /* FirebaseAnalytics */; };
		204E74D8284CDAC600EBEF22 /* FirebaseAuth in Frameworks */ = {isa = PBXBuildFile; productRef = 204E74D7284CDAC600EBEF22 /* FirebaseAuth */; };
		204E74DA284CDAC600EBEF22 /* FirebaseFirestore in Frameworks */ = {isa = PBXBuildFile; productRef = 204E74D9284CDAC600EBEF22 /* FirebaseFirestore */; };
		2F5D12D828571D1300999CB4 /* CodeScanner in Frameworks */ = {isa = PBXBuildFile; productRef = 2F5D12D728571D1300999CB4 /* CodeScanner */; };
		391921FE2840BB3A00094A48 /* GongbuApp.swift in Sources */ = {isa = PBXBuildFile; fileRef = 391921FD2840BB3A00094A48 /* GongbuApp.swift */; };
		391922022840BB3B00094A48 /* Assets.xcassets in Resources */ = {isa = PBXBuildFile; fileRef = 391922012840BB3B00094A48 /* Assets.xcassets */; };
		391922052840BB3B00094A48 /* Preview Assets.xcassets in Resources */ = {isa = PBXBuildFile; fileRef = 391922042840BB3B00094A48 /* Preview Assets.xcassets */; };
		39AB29E32858CA2600B65498 /* Dump.swift in Sources */ = {isa = PBXBuildFile; fileRef = 39AB29E22858CA2600B65498 /* Dump.swift */; };
		39AB29E628597AF400B65498 /* HomeView.swift in Sources */ = {isa = PBXBuildFile; fileRef = 39AB29E428597AF400B65498 /* HomeView.swift */; };
		39AB29E728597AF400B65498 /* LoginView.swift in Sources */ = {isa = PBXBuildFile; fileRef = 39AB29E528597AF400B65498 /* LoginView.swift */; };
		39AB29E928597B0300B65498 /* ContentView.swift in Sources */ = {isa = PBXBuildFile; fileRef = 39AB29E828597B0300B65498 /* ContentView.swift */; };
		39AB29EB28597B6000B65498 /* LoginViewModel.swift in Sources */ = {isa = PBXBuildFile; fileRef = 39AB29EA28597B6000B65498 /* LoginViewModel.swift */; };
		39AB29EE2859A80600B65498 /* MainView.swift in Sources */ = {isa = PBXBuildFile; fileRef = 39AB29ED2859A80600B65498 /* MainView.swift */; };
		39AB29F02859A81000B65498 /* MainHeaderView.swift in Sources */ = {isa = PBXBuildFile; fileRef = 39AB29EF2859A81000B65498 /* MainHeaderView.swift */; };
		39AB29F22859A81500B65498 /* MainListView.swift in Sources */ = {isa = PBXBuildFile; fileRef = 39AB29F12859A81500B65498 /* MainListView.swift */; };
		39AB29F42859A82000B65498 /* MainListCellView.swift in Sources */ = {isa = PBXBuildFile; fileRef = 39AB29F32859A82000B65498 /* MainListCellView.swift */; };
		39AB29F7285A100F00B65498 /* EnterRoomModalView.swift in Sources */ = {isa = PBXBuildFile; fileRef = 39AB29F6285A100F00B65498 /* EnterRoomModalView.swift */; };
		39AB2A07285A167C00B65498 /* CreateRoomModalView.swift in Sources */ = {isa = PBXBuildFile; fileRef = 39AB2A03285A167C00B65498 /* CreateRoomModalView.swift */; };
		39AB2A0F285B011000B65498 /* Ranking.swift in Sources */ = {isa = PBXBuildFile; fileRef = 39AB2A0B285B011000B65498 /* Ranking.swift */; };
		39AB2A10285B011000B65498 /* QuestionMarkText.swift in Sources */ = {isa = PBXBuildFile; fileRef = 39AB2A0C285B011000B65498 /* QuestionMarkText.swift */; };
		39AB2A11285B011000B65498 /* RankingViewModel.swift in Sources */ = {isa = PBXBuildFile; fileRef = 39AB2A0D285B011000B65498 /* RankingViewModel.swift */; };
		39AB2A12285B011000B65498 /* DetailRankingView.swift in Sources */ = {isa = PBXBuildFile; fileRef = 39AB2A0E285B011000B65498 /* DetailRankingView.swift */; };
		39AB2A1B285B03E500B65498 /* DetailView.swift in Sources */ = {isa = PBXBuildFile; fileRef = 39AB2A1A285B03E500B65498 /* DetailView.swift */; };
		39AB2A21285B041900B65498 /* QRButton.swift in Sources */ = {isa = PBXBuildFile; fileRef = 39AB2A1C285B041900B65498 /* QRButton.swift */; };
		39AB2A22285B041900B65498 /* QRScanner.swift in Sources */ = {isa = PBXBuildFile; fileRef = 39AB2A1D285B041900B65498 /* QRScanner.swift */; };
		39AB2A23285B041900B65498 /* QRGenerator.swift in Sources */ = {isa = PBXBuildFile; fileRef = 39AB2A1E285B041900B65498 /* QRGenerator.swift */; };
		39AB2A24285B041900B65498 /* UserGrid.swift in Sources */ = {isa = PBXBuildFile; fileRef = 39AB2A1F285B041900B65498 /* UserGrid.swift */; };
		39AB2A25285B041900B65498 /* DetailQRView.swift in Sources */ = {isa = PBXBuildFile; fileRef = 39AB2A20285B041900B65498 /* DetailQRView.swift */; };
		39AB2A29285B042300B65498 /* DetailInformationView.swift in Sources */ = {isa = PBXBuildFile; fileRef = 39AB2A26285B042300B65498 /* DetailInformationView.swift */; };
		39AB2A2A285B042300B65498 /* StudySchedule.swift in Sources */ = {isa = PBXBuildFile; fileRef = 39AB2A27285B042300B65498 /* StudySchedule.swift */; };
		39AB2A2B285B042300B65498 /* RoomCode.swift in Sources */ = {isa = PBXBuildFile; fileRef = 39AB2A28285B042300B65498 /* RoomCode.swift */; };
		39E34D332858609900977411 /* DataTestView.swift in Sources */ = {isa = PBXBuildFile; fileRef = 39E34D322858609900977411 /* DataTestView.swift */; };
		39E34D362858637C00977411 /* FirebaseDatabaseSwift in Frameworks */ = {isa = PBXBuildFile; productRef = 39E34D352858637C00977411 /* FirebaseDatabaseSwift */; };
		39E34D392858644600977411 /* FirebaseAnalytics in Frameworks */ = {isa = PBXBuildFile; productRef = 39E34D382858644600977411 /* FirebaseAnalytics */; };
		39E34D3B2858644600977411 /* FirebaseDatabase in Frameworks */ = {isa = PBXBuildFile; productRef = 39E34D3A2858644600977411 /* FirebaseDatabase */; };
		39E34D3D2858644600977411 /* FirebaseDatabaseSwift in Frameworks */ = {isa = PBXBuildFile; productRef = 39E34D3C2858644600977411 /* FirebaseDatabaseSwift */; };
		39E34D3F2858644600977411 /* FirebaseFirestoreSwift in Frameworks */ = {isa = PBXBuildFile; productRef = 39E34D3E2858644600977411 /* FirebaseFirestoreSwift */; };
		39E34D422858649700977411 /* FirebaseAnalytics in Frameworks */ = {isa = PBXBuildFile; productRef = 39E34D412858649700977411 /* FirebaseAnalytics */; };
		39E34D442858649700977411 /* FirebaseAuth in Frameworks */ = {isa = PBXBuildFile; productRef = 39E34D432858649700977411 /* FirebaseAuth */; };
		39E34D462858649700977411 /* FirebaseDatabase in Frameworks */ = {isa = PBXBuildFile; productRef = 39E34D452858649700977411 /* FirebaseDatabase */; };
		39E34D482858649700977411 /* FirebaseDatabaseSwift in Frameworks */ = {isa = PBXBuildFile; productRef = 39E34D472858649700977411 /* FirebaseDatabaseSwift */; };
		39E34D4A2858649700977411 /* FirebaseFirestore in Frameworks */ = {isa = PBXBuildFile; productRef = 39E34D492858649700977411 /* FirebaseFirestore */; };
		39E34D4C2858649700977411 /* FirebaseFirestoreSwift in Frameworks */ = {isa = PBXBuildFile; productRef = 39E34D4B2858649700977411 /* FirebaseFirestoreSwift */; };
		39E34D4E2858B90200977411 /* MainVIewModel.swift in Sources */ = {isa = PBXBuildFile; fileRef = 39E34D4D2858B90200977411 /* MainVIewModel.swift */; };
		39E34D502858BA8000977411 /* DataViewModel.swift in Sources */ = {isa = PBXBuildFile; fileRef = 39E34D4F2858BA8000977411 /* DataViewModel.swift */; };
		39E34D522858BC3400977411 /* MainView2.swift in Sources */ = {isa = PBXBuildFile; fileRef = 39E34D512858BC3400977411 /* MainView2.swift */; };
		A01671582857081100F4B194 /* ScheduleModel.swift in Sources */ = {isa = PBXBuildFile; fileRef = A01671572857081100F4B194 /* ScheduleModel.swift */; };
		A0BA6D742858B83400EEB203 /* AttendanceInfoModel.swift in Sources */ = {isa = PBXBuildFile; fileRef = A0BA6D732858B83400EEB203 /* AttendanceInfoModel.swift */; };
		A0E3F4C528536A7200F50893 /* GoogleService-Info.plist in Resources */ = {isa = PBXBuildFile; fileRef = A0E3F4C428536A7200F50893 /* GoogleService-Info.plist */; };
		FB53F1B42855DD6D003D411A /* StudyModel.swift in Sources */ = {isa = PBXBuildFile; fileRef = FB53F1B32855DD6D003D411A /* StudyModel.swift */; };
		FB53F1B92855DDB9003D411A /* UserModel.swift in Sources */ = {isa = PBXBuildFile; fileRef = FB53F1B82855DDB9003D411A /* UserModel.swift */; };
/* End PBXBuildFile section */

/* Begin PBXFileReference section */
		204E74CD284CDA2200EBEF22 /* Gongbu.entitlements */ = {isa = PBXFileReference; lastKnownFileType = text.plist.entitlements; path = Gongbu.entitlements; sourceTree = "<group>"; };
		391921FA2840BB3A00094A48 /* Gongbu.app */ = {isa = PBXFileReference; explicitFileType = wrapper.application; includeInIndex = 0; path = Gongbu.app; sourceTree = BUILT_PRODUCTS_DIR; };
		391921FD2840BB3A00094A48 /* GongbuApp.swift */ = {isa = PBXFileReference; lastKnownFileType = sourcecode.swift; path = GongbuApp.swift; sourceTree = "<group>"; };
		391922012840BB3B00094A48 /* Assets.xcassets */ = {isa = PBXFileReference; lastKnownFileType = folder.assetcatalog; path = Assets.xcassets; sourceTree = "<group>"; };
		391922042840BB3B00094A48 /* Preview Assets.xcassets */ = {isa = PBXFileReference; lastKnownFileType = folder.assetcatalog; path = "Preview Assets.xcassets"; sourceTree = "<group>"; };
		39AB29E22858CA2600B65498 /* Dump.swift */ = {isa = PBXFileReference; lastKnownFileType = sourcecode.swift; path = Dump.swift; sourceTree = "<group>"; };
		39AB29E428597AF400B65498 /* HomeView.swift */ = {isa = PBXFileReference; fileEncoding = 4; lastKnownFileType = sourcecode.swift; path = HomeView.swift; sourceTree = "<group>"; };
		39AB29E528597AF400B65498 /* LoginView.swift */ = {isa = PBXFileReference; fileEncoding = 4; lastKnownFileType = sourcecode.swift; path = LoginView.swift; sourceTree = "<group>"; };
		39AB29E828597B0300B65498 /* ContentView.swift */ = {isa = PBXFileReference; fileEncoding = 4; lastKnownFileType = sourcecode.swift; name = ContentView.swift; path = "../../../Downloads/MC2-Team12-SIXGUYS-main/MC2-Team12-SIXGUYS-main/Gongbu/ContentView.swift"; sourceTree = "<group>"; };
		39AB29EA28597B6000B65498 /* LoginViewModel.swift */ = {isa = PBXFileReference; fileEncoding = 4; lastKnownFileType = sourcecode.swift; name = LoginViewModel.swift; path = "../../../../Downloads/MC2-Team12-SIXGUYS-main/MC2-Team12-SIXGUYS-main/Gongbu/ViewModel/LoginViewModel.swift"; sourceTree = "<group>"; };
		39AB29ED2859A80600B65498 /* MainView.swift */ = {isa = PBXFileReference; lastKnownFileType = sourcecode.swift; path = MainView.swift; sourceTree = "<group>"; };
		39AB29EF2859A81000B65498 /* MainHeaderView.swift */ = {isa = PBXFileReference; lastKnownFileType = sourcecode.swift; path = MainHeaderView.swift; sourceTree = "<group>"; };
		39AB29F12859A81500B65498 /* MainListView.swift */ = {isa = PBXFileReference; lastKnownFileType = sourcecode.swift; path = MainListView.swift; sourceTree = "<group>"; };
		39AB29F32859A82000B65498 /* MainListCellView.swift */ = {isa = PBXFileReference; lastKnownFileType = sourcecode.swift; path = MainListCellView.swift; sourceTree = "<group>"; };
		39AB29F6285A100F00B65498 /* EnterRoomModalView.swift */ = {isa = PBXFileReference; fileEncoding = 4; lastKnownFileType = sourcecode.swift; path = EnterRoomModalView.swift; sourceTree = "<group>"; };
		39AB2A03285A167C00B65498 /* CreateRoomModalView.swift */ = {isa = PBXFileReference; fileEncoding = 4; lastKnownFileType = sourcecode.swift; path = CreateRoomModalView.swift; sourceTree = "<group>"; };
		39AB2A0B285B011000B65498 /* Ranking.swift */ = {isa = PBXFileReference; fileEncoding = 4; lastKnownFileType = sourcecode.swift; path = Ranking.swift; sourceTree = "<group>"; };
		39AB2A0C285B011000B65498 /* QuestionMarkText.swift */ = {isa = PBXFileReference; fileEncoding = 4; lastKnownFileType = sourcecode.swift; path = QuestionMarkText.swift; sourceTree = "<group>"; };
		39AB2A0D285B011000B65498 /* RankingViewModel.swift */ = {isa = PBXFileReference; fileEncoding = 4; lastKnownFileType = sourcecode.swift; path = RankingViewModel.swift; sourceTree = "<group>"; };
		39AB2A0E285B011000B65498 /* DetailRankingView.swift */ = {isa = PBXFileReference; fileEncoding = 4; lastKnownFileType = sourcecode.swift; path = DetailRankingView.swift; sourceTree = "<group>"; };
		39AB2A1A285B03E500B65498 /* DetailView.swift */ = {isa = PBXFileReference; fileEncoding = 4; lastKnownFileType = sourcecode.swift; path = DetailView.swift; sourceTree = "<group>"; };
		39AB2A1C285B041900B65498 /* QRButton.swift */ = {isa = PBXFileReference; fileEncoding = 4; lastKnownFileType = sourcecode.swift; path = QRButton.swift; sourceTree = "<group>"; };
		39AB2A1D285B041900B65498 /* QRScanner.swift */ = {isa = PBXFileReference; fileEncoding = 4; lastKnownFileType = sourcecode.swift; path = QRScanner.swift; sourceTree = "<group>"; };
		39AB2A1E285B041900B65498 /* QRGenerator.swift */ = {isa = PBXFileReference; fileEncoding = 4; lastKnownFileType = sourcecode.swift; path = QRGenerator.swift; sourceTree = "<group>"; };
		39AB2A1F285B041900B65498 /* UserGrid.swift */ = {isa = PBXFileReference; fileEncoding = 4; lastKnownFileType = sourcecode.swift; path = UserGrid.swift; sourceTree = "<group>"; };
		39AB2A20285B041900B65498 /* DetailQRView.swift */ = {isa = PBXFileReference; fileEncoding = 4; lastKnownFileType = sourcecode.swift; path = DetailQRView.swift; sourceTree = "<group>"; };
		39AB2A26285B042300B65498 /* DetailInformationView.swift */ = {isa = PBXFileReference; fileEncoding = 4; lastKnownFileType = sourcecode.swift; path = DetailInformationView.swift; sourceTree = "<group>"; };
		39AB2A27285B042300B65498 /* StudySchedule.swift */ = {isa = PBXFileReference; fileEncoding = 4; lastKnownFileType = sourcecode.swift; path = StudySchedule.swift; sourceTree = "<group>"; };
		39AB2A28285B042300B65498 /* RoomCode.swift */ = {isa = PBXFileReference; fileEncoding = 4; lastKnownFileType = sourcecode.swift; path = RoomCode.swift; sourceTree = "<group>"; };
		39E34D322858609900977411 /* DataTestView.swift */ = {isa = PBXFileReference; lastKnownFileType = sourcecode.swift; path = DataTestView.swift; sourceTree = "<group>"; };
		39E34D4D2858B90200977411 /* MainVIewModel.swift */ = {isa = PBXFileReference; lastKnownFileType = sourcecode.swift; path = MainVIewModel.swift; sourceTree = "<group>"; };
		39E34D4F2858BA8000977411 /* DataViewModel.swift */ = {isa = PBXFileReference; lastKnownFileType = sourcecode.swift; path = DataViewModel.swift; sourceTree = "<group>"; };
		39E34D512858BC3400977411 /* MainView2.swift */ = {isa = PBXFileReference; lastKnownFileType = sourcecode.swift; path = MainView2.swift; sourceTree = "<group>"; };
		A01671572857081100F4B194 /* ScheduleModel.swift */ = {isa = PBXFileReference; lastKnownFileType = sourcecode.swift; path = ScheduleModel.swift; sourceTree = "<group>"; };
		A0BA6D732858B83400EEB203 /* AttendanceInfoModel.swift */ = {isa = PBXFileReference; lastKnownFileType = sourcecode.swift; path = AttendanceInfoModel.swift; sourceTree = "<group>"; };
		A0E3F4C428536A7200F50893 /* GoogleService-Info.plist */ = {isa = PBXFileReference; fileEncoding = 4; lastKnownFileType = text.plist.xml; path = "GoogleService-Info.plist"; sourceTree = "<group>"; };
		FB53F1B32855DD6D003D411A /* StudyModel.swift */ = {isa = PBXFileReference; lastKnownFileType = sourcecode.swift; path = StudyModel.swift; sourceTree = "<group>"; };
		FB53F1B82855DDB9003D411A /* UserModel.swift */ = {isa = PBXFileReference; lastKnownFileType = sourcecode.swift; path = UserModel.swift; sourceTree = "<group>"; };
/* End PBXFileReference section */

/* Begin PBXFrameworksBuildPhase section */
		391921F72840BB3A00094A48 /* Frameworks */ = {
			isa = PBXFrameworksBuildPhase;
			buildActionMask = 2147483647;
			files = (
				39E34D3D2858644600977411 /* FirebaseDatabaseSwift in Frameworks */,
				39E34D362858637C00977411 /* FirebaseDatabaseSwift in Frameworks */,
				2F5D12D828571D1300999CB4 /* CodeScanner in Frameworks */,
				39E34D392858644600977411 /* FirebaseAnalytics in Frameworks */,
				204E74D6284CDAC600EBEF22 /* FirebaseAnalytics in Frameworks */,
				39E34D4C2858649700977411 /* FirebaseFirestoreSwift in Frameworks */,
				204E74D8284CDAC600EBEF22 /* FirebaseAuth in Frameworks */,
				39E34D482858649700977411 /* FirebaseDatabaseSwift in Frameworks */,
				39E34D462858649700977411 /* FirebaseDatabase in Frameworks */,
				39E34D3B2858644600977411 /* FirebaseDatabase in Frameworks */,
				39E34D442858649700977411 /* FirebaseAuth in Frameworks */,
				204E74DA284CDAC600EBEF22 /* FirebaseFirestore in Frameworks */,
				39E34D422858649700977411 /* FirebaseAnalytics in Frameworks */,
				39E34D3F2858644600977411 /* FirebaseFirestoreSwift in Frameworks */,
				39E34D4A2858649700977411 /* FirebaseFirestore in Frameworks */,
			);
			runOnlyForDeploymentPostprocessing = 0;
		};
/* End PBXFrameworksBuildPhase section */

/* Begin PBXGroup section */
		204E74D2284CDA6600EBEF22 /* View */ = {
			isa = PBXGroup;
			children = (
				39AB2A13285B037700B65498 /* DetailView */,
				39AB29F5285A0FD900B65498 /* Modal */,
				39AB29EC2859A7F600B65498 /* MainViewGroup */,
				39AB29E428597AF400B65498 /* HomeView.swift */,
				39AB29E528597AF400B65498 /* LoginView.swift */,
				39E34D512858BC3400977411 /* MainView2.swift */,
				39AB29E22858CA2600B65498 /* Dump.swift */,
			);
			path = View;
			sourceTree = "<group>";
		};
		204E74D3284CDA6E00EBEF22 /* ViewModel */ = {
			isa = PBXGroup;
			children = (
				39AB2A0D285B011000B65498 /* RankingViewModel.swift */,
				39AB29EA28597B6000B65498 /* LoginViewModel.swift */,
				39E34D4D2858B90200977411 /* MainVIewModel.swift */,
				39E34D4F2858BA8000977411 /* DataViewModel.swift */,
			);
			path = ViewModel;
			sourceTree = "<group>";
		};
		391921F12840BB3A00094A48 = {
			isa = PBXGroup;
			children = (
				391921FC2840BB3A00094A48 /* Gongbu */,
				391921FB2840BB3A00094A48 /* Products */,
			);
			sourceTree = "<group>";
		};
		391921FB2840BB3A00094A48 /* Products */ = {
			isa = PBXGroup;
			children = (
				391921FA2840BB3A00094A48 /* Gongbu.app */,
			);
			name = Products;
			sourceTree = "<group>";
		};
		391921FC2840BB3A00094A48 /* Gongbu */ = {
			isa = PBXGroup;
			children = (
				39E34D312858608E00977411 /* Firestore */,
				FB53F1B02855DD28003D411A /* Model */,
				A0E3F4C428536A7200F50893 /* GoogleService-Info.plist */,
				204E74D3284CDA6E00EBEF22 /* ViewModel */,
				204E74D2284CDA6600EBEF22 /* View */,
				204E74CD284CDA2200EBEF22 /* Gongbu.entitlements */,
				391921FD2840BB3A00094A48 /* GongbuApp.swift */,
				39AB29E828597B0300B65498 /* ContentView.swift */,
				391922012840BB3B00094A48 /* Assets.xcassets */,
				391922032840BB3B00094A48 /* Preview Content */,
			);
			path = Gongbu;
			sourceTree = "<group>";
		};
		391922032840BB3B00094A48 /* Preview Content */ = {
			isa = PBXGroup;
			children = (
				391922042840BB3B00094A48 /* Preview Assets.xcassets */,
			);
			path = "Preview Content";
			sourceTree = "<group>";
		};
		39AB29EC2859A7F600B65498 /* MainViewGroup */ = {
			isa = PBXGroup;
			children = (
				39AB29ED2859A80600B65498 /* MainView.swift */,
				39AB29EF2859A81000B65498 /* MainHeaderView.swift */,
				39AB29F12859A81500B65498 /* MainListView.swift */,
				39AB29F32859A82000B65498 /* MainListCellView.swift */,
			);
			path = MainViewGroup;
			sourceTree = "<group>";
		};
		39AB29F5285A0FD900B65498 /* Modal */ = {
			isa = PBXGroup;
			children = (
				39AB29F6285A100F00B65498 /* EnterRoomModalView.swift */,
				39AB2A03285A167C00B65498 /* CreateRoomModalView.swift */,
			);
			path = Modal;
			sourceTree = "<group>";
		};
		39AB2A0A285B00F100B65498 /* DetailRanking */ = {
			isa = PBXGroup;
			children = (
				39AB2A0E285B011000B65498 /* DetailRankingView.swift */,
				39AB2A0C285B011000B65498 /* QuestionMarkText.swift */,
				39AB2A0B285B011000B65498 /* Ranking.swift */,
			);
			path = DetailRanking;
			sourceTree = "<group>";
		};
		39AB2A13285B037700B65498 /* DetailView */ = {
			isa = PBXGroup;
			children = (
				39AB2A1A285B03E500B65498 /* DetailView.swift */,
				39AB2A19285B03C500B65498 /* DetailQR */,
				39AB2A18285B03B800B65498 /* DetailInformation */,
				39AB2A0A285B00F100B65498 /* DetailRanking */,
			);
			path = DetailView;
			sourceTree = "<group>";
		};
		39AB2A18285B03B800B65498 /* DetailInformation */ = {
			isa = PBXGroup;
			children = (
				39AB2A26285B042300B65498 /* DetailInformationView.swift */,
				39AB2A28285B042300B65498 /* RoomCode.swift */,
				39AB2A27285B042300B65498 /* StudySchedule.swift */,
			);
			path = DetailInformation;
			sourceTree = "<group>";
		};
		39AB2A19285B03C500B65498 /* DetailQR */ = {
			isa = PBXGroup;
			children = (
				39AB2A20285B041900B65498 /* DetailQRView.swift */,
				39AB2A1C285B041900B65498 /* QRButton.swift */,
				39AB2A1E285B041900B65498 /* QRGenerator.swift */,
				39AB2A1D285B041900B65498 /* QRScanner.swift */,
				39AB2A1F285B041900B65498 /* UserGrid.swift */,
			);
			path = DetailQR;
			sourceTree = "<group>";
		};
		39E34D312858608E00977411 /* Firestore */ = {
			isa = PBXGroup;
			children = (
				39E34D322858609900977411 /* DataTestView.swift */,
			);
			path = Firestore;
			sourceTree = "<group>";
		};
		FB53F1B02855DD28003D411A /* Model */ = {
			isa = PBXGroup;
			children = (
				FB53F1B32855DD6D003D411A /* StudyModel.swift */,
				FB53F1B82855DDB9003D411A /* UserModel.swift */,
				A01671572857081100F4B194 /* ScheduleModel.swift */,
				A0BA6D732858B83400EEB203 /* AttendanceInfoModel.swift */,
			);
			path = Model;
			sourceTree = "<group>";
		};
/* End PBXGroup section */

/* Begin PBXNativeTarget section */
		391921F92840BB3A00094A48 /* Gongbu */ = {
			isa = PBXNativeTarget;
			buildConfigurationList = 391922082840BB3B00094A48 /* Build configuration list for PBXNativeTarget "Gongbu" */;
			buildPhases = (
				391921F62840BB3A00094A48 /* Sources */,
				391921F72840BB3A00094A48 /* Frameworks */,
				391921F82840BB3A00094A48 /* Resources */,
			);
			buildRules = (
			);
			dependencies = (
			);
			name = Gongbu;
			packageProductDependencies = (
				204E74D5284CDAC600EBEF22 /* FirebaseAnalytics */,
				204E74D7284CDAC600EBEF22 /* FirebaseAuth */,
				204E74D9284CDAC600EBEF22 /* FirebaseFirestore */,
				2F5D12D728571D1300999CB4 /* CodeScanner */,
				39E34D352858637C00977411 /* FirebaseDatabaseSwift */,
				39E34D382858644600977411 /* FirebaseAnalytics */,
				39E34D3A2858644600977411 /* FirebaseDatabase */,
				39E34D3C2858644600977411 /* FirebaseDatabaseSwift */,
				39E34D3E2858644600977411 /* FirebaseFirestoreSwift */,
				39E34D412858649700977411 /* FirebaseAnalytics */,
				39E34D432858649700977411 /* FirebaseAuth */,
				39E34D452858649700977411 /* FirebaseDatabase */,
				39E34D472858649700977411 /* FirebaseDatabaseSwift */,
				39E34D492858649700977411 /* FirebaseFirestore */,
				39E34D4B2858649700977411 /* FirebaseFirestoreSwift */,
			);
			productName = Gongbu;
			productReference = 391921FA2840BB3A00094A48 /* Gongbu.app */;
			productType = "com.apple.product-type.application";
		};
/* End PBXNativeTarget section */

/* Begin PBXProject section */
		391921F22840BB3A00094A48 /* Project object */ = {
			isa = PBXProject;
			attributes = {
				BuildIndependentTargetsInParallel = 1;
				LastSwiftUpdateCheck = 1330;
				LastUpgradeCheck = 1330;
				TargetAttributes = {
					391921F92840BB3A00094A48 = {
						CreatedOnToolsVersion = 13.3;
					};
				};
			};
			buildConfigurationList = 391921F52840BB3A00094A48 /* Build configuration list for PBXProject "Gongbu" */;
			compatibilityVersion = "Xcode 13.0";
			developmentRegion = en;
			hasScannedForEncodings = 0;
			knownRegions = (
				en,
				Base,
			);
			mainGroup = 391921F12840BB3A00094A48;
			packageReferences = (
				204E74D4284CDAC600EBEF22 /* XCRemoteSwiftPackageReference "firebase-ios-sdk" */,
				2F5D12D628571D1300999CB4 /* XCRemoteSwiftPackageReference "CodeScanner" */,
				39E34D342858637C00977411 /* XCRemoteSwiftPackageReference "firebase-ios-sdk" */,
				39E34D372858644600977411 /* XCRemoteSwiftPackageReference "firebase-ios-sdk" */,
				39E34D402858649700977411 /* XCRemoteSwiftPackageReference "firebase-ios-sdk" */,
			);
			productRefGroup = 391921FB2840BB3A00094A48 /* Products */;
			projectDirPath = "";
			projectRoot = "";
			targets = (
				391921F92840BB3A00094A48 /* Gongbu */,
			);
		};
/* End PBXProject section */

/* Begin PBXResourcesBuildPhase section */
		391921F82840BB3A00094A48 /* Resources */ = {
			isa = PBXResourcesBuildPhase;
			buildActionMask = 2147483647;
			files = (
				391922052840BB3B00094A48 /* Preview Assets.xcassets in Resources */,
				391922022840BB3B00094A48 /* Assets.xcassets in Resources */,
				A0E3F4C528536A7200F50893 /* GoogleService-Info.plist in Resources */,
			);
			runOnlyForDeploymentPostprocessing = 0;
		};
/* End PBXResourcesBuildPhase section */

/* Begin PBXSourcesBuildPhase section */
		391921F62840BB3A00094A48 /* Sources */ = {
			isa = PBXSourcesBuildPhase;
			buildActionMask = 2147483647;
			files = (
				A0BA6D742858B83400EEB203 /* AttendanceInfoModel.swift in Sources */,
				39AB2A29285B042300B65498 /* DetailInformationView.swift in Sources */,
				39E34D332858609900977411 /* DataTestView.swift in Sources */,
				39AB2A07285A167C00B65498 /* CreateRoomModalView.swift in Sources */,
				39E34D522858BC3400977411 /* MainView2.swift in Sources */,
				39AB29E32858CA2600B65498 /* Dump.swift in Sources */,
				A01671582857081100F4B194 /* ScheduleModel.swift in Sources */,
				39AB2A25285B041900B65498 /* DetailQRView.swift in Sources */,
				39AB2A23285B041900B65498 /* QRGenerator.swift in Sources */,
				39AB29F7285A100F00B65498 /* EnterRoomModalView.swift in Sources */,
				39AB29E628597AF400B65498 /* HomeView.swift in Sources */,
				39AB2A1B285B03E500B65498 /* DetailView.swift in Sources */,
				39AB2A22285B041900B65498 /* QRScanner.swift in Sources */,
				39AB29EB28597B6000B65498 /* LoginViewModel.swift in Sources */,
				39AB2A11285B011000B65498 /* RankingViewModel.swift in Sources */,
				39AB29E728597AF400B65498 /* LoginView.swift in Sources */,
				39AB2A0F285B011000B65498 /* Ranking.swift in Sources */,
				39AB2A10285B011000B65498 /* QuestionMarkText.swift in Sources */,
				39AB29F02859A81000B65498 /* MainHeaderView.swift in Sources */,
				39AB29F42859A82000B65498 /* MainListCellView.swift in Sources */,
				39AB2A2A285B042300B65498 /* StudySchedule.swift in Sources */,
				FB53F1B92855DDB9003D411A /* UserModel.swift in Sources */,
				FB53F1B42855DD6D003D411A /* StudyModel.swift in Sources */,
				39E34D502858BA8000977411 /* DataViewModel.swift in Sources */,
				39AB2A12285B011000B65498 /* DetailRankingView.swift in Sources */,
				39AB29E928597B0300B65498 /* ContentView.swift in Sources */,
				39E34D4E2858B90200977411 /* MainVIewModel.swift in Sources */,
				39AB29EE2859A80600B65498 /* MainView.swift in Sources */,
				39AB2A2B285B042300B65498 /* RoomCode.swift in Sources */,
				39AB29F22859A81500B65498 /* MainListView.swift in Sources */,
				39AB2A21285B041900B65498 /* QRButton.swift in Sources */,
				39AB2A24285B041900B65498 /* UserGrid.swift in Sources */,
				391921FE2840BB3A00094A48 /* GongbuApp.swift in Sources */,
			);
			runOnlyForDeploymentPostprocessing = 0;
		};
/* End PBXSourcesBuildPhase section */

/* Begin XCBuildConfiguration section */
		391922062840BB3B00094A48 /* Debug */ = {
			isa = XCBuildConfiguration;
			buildSettings = {
				ALWAYS_SEARCH_USER_PATHS = NO;
				CLANG_ANALYZER_NONNULL = YES;
				CLANG_ANALYZER_NUMBER_OBJECT_CONVERSION = YES_AGGRESSIVE;
				CLANG_CXX_LANGUAGE_STANDARD = "gnu++17";
				CLANG_ENABLE_MODULES = YES;
				CLANG_ENABLE_OBJC_ARC = YES;
				CLANG_ENABLE_OBJC_WEAK = YES;
				CLANG_WARN_BLOCK_CAPTURE_AUTORELEASING = YES;
				CLANG_WARN_BOOL_CONVERSION = YES;
				CLANG_WARN_COMMA = YES;
				CLANG_WARN_CONSTANT_CONVERSION = YES;
				CLANG_WARN_DEPRECATED_OBJC_IMPLEMENTATIONS = YES;
				CLANG_WARN_DIRECT_OBJC_ISA_USAGE = YES_ERROR;
				CLANG_WARN_DOCUMENTATION_COMMENTS = YES;
				CLANG_WARN_EMPTY_BODY = YES;
				CLANG_WARN_ENUM_CONVERSION = YES;
				CLANG_WARN_INFINITE_RECURSION = YES;
				CLANG_WARN_INT_CONVERSION = YES;
				CLANG_WARN_NON_LITERAL_NULL_CONVERSION = YES;
				CLANG_WARN_OBJC_IMPLICIT_RETAIN_SELF = YES;
				CLANG_WARN_OBJC_LITERAL_CONVERSION = YES;
				CLANG_WARN_OBJC_ROOT_CLASS = YES_ERROR;
				CLANG_WARN_QUOTED_INCLUDE_IN_FRAMEWORK_HEADER = YES;
				CLANG_WARN_RANGE_LOOP_ANALYSIS = YES;
				CLANG_WARN_STRICT_PROTOTYPES = YES;
				CLANG_WARN_SUSPICIOUS_MOVE = YES;
				CLANG_WARN_UNGUARDED_AVAILABILITY = YES_AGGRESSIVE;
				CLANG_WARN_UNREACHABLE_CODE = YES;
				CLANG_WARN__DUPLICATE_METHOD_MATCH = YES;
				COPY_PHASE_STRIP = NO;
				DEBUG_INFORMATION_FORMAT = dwarf;
				ENABLE_STRICT_OBJC_MSGSEND = YES;
				ENABLE_TESTABILITY = YES;
				GCC_C_LANGUAGE_STANDARD = gnu11;
				GCC_DYNAMIC_NO_PIC = NO;
				GCC_NO_COMMON_BLOCKS = YES;
				GCC_OPTIMIZATION_LEVEL = 0;
				GCC_PREPROCESSOR_DEFINITIONS = (
					"DEBUG=1",
					"$(inherited)",
				);
				GCC_WARN_64_TO_32_BIT_CONVERSION = YES;
				GCC_WARN_ABOUT_RETURN_TYPE = YES_ERROR;
				GCC_WARN_UNDECLARED_SELECTOR = YES;
				GCC_WARN_UNINITIALIZED_AUTOS = YES_AGGRESSIVE;
				GCC_WARN_UNUSED_FUNCTION = YES;
				GCC_WARN_UNUSED_VARIABLE = YES;
				IPHONEOS_DEPLOYMENT_TARGET = 15.4;
				MTL_ENABLE_DEBUG_INFO = INCLUDE_SOURCE;
				MTL_FAST_MATH = YES;
				ONLY_ACTIVE_ARCH = YES;
				SDKROOT = iphoneos;
				SWIFT_ACTIVE_COMPILATION_CONDITIONS = DEBUG;
				SWIFT_OPTIMIZATION_LEVEL = "-Onone";
			};
			name = Debug;
		};
		391922072840BB3B00094A48 /* Release */ = {
			isa = XCBuildConfiguration;
			buildSettings = {
				ALWAYS_SEARCH_USER_PATHS = NO;
				CLANG_ANALYZER_NONNULL = YES;
				CLANG_ANALYZER_NUMBER_OBJECT_CONVERSION = YES_AGGRESSIVE;
				CLANG_CXX_LANGUAGE_STANDARD = "gnu++17";
				CLANG_ENABLE_MODULES = YES;
				CLANG_ENABLE_OBJC_ARC = YES;
				CLANG_ENABLE_OBJC_WEAK = YES;
				CLANG_WARN_BLOCK_CAPTURE_AUTORELEASING = YES;
				CLANG_WARN_BOOL_CONVERSION = YES;
				CLANG_WARN_COMMA = YES;
				CLANG_WARN_CONSTANT_CONVERSION = YES;
				CLANG_WARN_DEPRECATED_OBJC_IMPLEMENTATIONS = YES;
				CLANG_WARN_DIRECT_OBJC_ISA_USAGE = YES_ERROR;
				CLANG_WARN_DOCUMENTATION_COMMENTS = YES;
				CLANG_WARN_EMPTY_BODY = YES;
				CLANG_WARN_ENUM_CONVERSION = YES;
				CLANG_WARN_INFINITE_RECURSION = YES;
				CLANG_WARN_INT_CONVERSION = YES;
				CLANG_WARN_NON_LITERAL_NULL_CONVERSION = YES;
				CLANG_WARN_OBJC_IMPLICIT_RETAIN_SELF = YES;
				CLANG_WARN_OBJC_LITERAL_CONVERSION = YES;
				CLANG_WARN_OBJC_ROOT_CLASS = YES_ERROR;
				CLANG_WARN_QUOTED_INCLUDE_IN_FRAMEWORK_HEADER = YES;
				CLANG_WARN_RANGE_LOOP_ANALYSIS = YES;
				CLANG_WARN_STRICT_PROTOTYPES = YES;
				CLANG_WARN_SUSPICIOUS_MOVE = YES;
				CLANG_WARN_UNGUARDED_AVAILABILITY = YES_AGGRESSIVE;
				CLANG_WARN_UNREACHABLE_CODE = YES;
				CLANG_WARN__DUPLICATE_METHOD_MATCH = YES;
				COPY_PHASE_STRIP = NO;
				DEBUG_INFORMATION_FORMAT = "dwarf-with-dsym";
				ENABLE_NS_ASSERTIONS = NO;
				ENABLE_STRICT_OBJC_MSGSEND = YES;
				GCC_C_LANGUAGE_STANDARD = gnu11;
				GCC_NO_COMMON_BLOCKS = YES;
				GCC_WARN_64_TO_32_BIT_CONVERSION = YES;
				GCC_WARN_ABOUT_RETURN_TYPE = YES_ERROR;
				GCC_WARN_UNDECLARED_SELECTOR = YES;
				GCC_WARN_UNINITIALIZED_AUTOS = YES_AGGRESSIVE;
				GCC_WARN_UNUSED_FUNCTION = YES;
				GCC_WARN_UNUSED_VARIABLE = YES;
				IPHONEOS_DEPLOYMENT_TARGET = 15.4;
				MTL_ENABLE_DEBUG_INFO = NO;
				MTL_FAST_MATH = YES;
				SDKROOT = iphoneos;
				SWIFT_COMPILATION_MODE = wholemodule;
				SWIFT_OPTIMIZATION_LEVEL = "-O";
				VALIDATE_PRODUCT = YES;
			};
			name = Release;
		};
		391922092840BB3B00094A48 /* Debug */ = {
			isa = XCBuildConfiguration;
			buildSettings = {
				ASSETCATALOG_COMPILER_APPICON_NAME = AppIcon;
				ASSETCATALOG_COMPILER_GLOBAL_ACCENT_COLOR_NAME = AccentColor;
				CODE_SIGN_ENTITLEMENTS = Gongbu/Gongbu.entitlements;
				CODE_SIGN_IDENTITY = "iPhone Developer";
				CODE_SIGN_STYLE = Manual;
				CURRENT_PROJECT_VERSION = 1;
				DEVELOPMENT_ASSET_PATHS = "\"Gongbu/Preview Content\"";
				DEVELOPMENT_TEAM = Y6P5ZFWBM8;
				ENABLE_PREVIEWS = YES;
				GENERATE_INFOPLIST_FILE = YES;
				INFOPLIST_KEY_NSCameraUsageDescription = "Scan QR";
				INFOPLIST_KEY_UIApplicationSceneManifest_Generation = YES;
				INFOPLIST_KEY_UIApplicationSupportsIndirectInputEvents = YES;
				INFOPLIST_KEY_UILaunchScreen_Generation = YES;
				INFOPLIST_KEY_UISupportedInterfaceOrientations_iPad = "UIInterfaceOrientationPortrait UIInterfaceOrientationPortraitUpsideDown UIInterfaceOrientationLandscapeLeft UIInterfaceOrientationLandscapeRight";
				INFOPLIST_KEY_UISupportedInterfaceOrientations_iPhone = "UIInterfaceOrientationPortrait UIInterfaceOrientationLandscapeLeft UIInterfaceOrientationLandscapeRight";
				LD_RUNPATH_SEARCH_PATHS = (
					"$(inherited)",
					"@executable_path/Frameworks",
				);
				MARKETING_VERSION = 1.0;
				PRODUCT_BUNDLE_IDENTIFIER = com.sixguys.Gongbu;
				PRODUCT_NAME = "$(TARGET_NAME)";
				PROVISIONING_PROFILE_SPECIFIER = Gongbu;
				SWIFT_EMIT_LOC_STRINGS = YES;
				SWIFT_VERSION = 5.0;
				TARGETED_DEVICE_FAMILY = "1,2";
			};
			name = Debug;
		};
		3919220A2840BB3B00094A48 /* Release */ = {
			isa = XCBuildConfiguration;
			buildSettings = {
				ASSETCATALOG_COMPILER_APPICON_NAME = AppIcon;
				ASSETCATALOG_COMPILER_GLOBAL_ACCENT_COLOR_NAME = AccentColor;
				CODE_SIGN_ENTITLEMENTS = Gongbu/Gongbu.entitlements;
				CODE_SIGN_IDENTITY = "iPhone Developer";
				CODE_SIGN_STYLE = Manual;
				CURRENT_PROJECT_VERSION = 1;
				DEVELOPMENT_ASSET_PATHS = "\"Gongbu/Preview Content\"";
				DEVELOPMENT_TEAM = Y6P5ZFWBM8;
				ENABLE_PREVIEWS = YES;
				GENERATE_INFOPLIST_FILE = YES;
				INFOPLIST_KEY_NSCameraUsageDescription = "Scan QR";
				INFOPLIST_KEY_UIApplicationSceneManifest_Generation = YES;
				INFOPLIST_KEY_UIApplicationSupportsIndirectInputEvents = YES;
				INFOPLIST_KEY_UILaunchScreen_Generation = YES;
				INFOPLIST_KEY_UISupportedInterfaceOrientations_iPad = "UIInterfaceOrientationPortrait UIInterfaceOrientationPortraitUpsideDown UIInterfaceOrientationLandscapeLeft UIInterfaceOrientationLandscapeRight";
				INFOPLIST_KEY_UISupportedInterfaceOrientations_iPhone = "UIInterfaceOrientationPortrait UIInterfaceOrientationLandscapeLeft UIInterfaceOrientationLandscapeRight";
				LD_RUNPATH_SEARCH_PATHS = (
					"$(inherited)",
					"@executable_path/Frameworks",
				);
				MARKETING_VERSION = 1.0;
				PRODUCT_BUNDLE_IDENTIFIER = com.sixguys.Gongbu;
				PRODUCT_NAME = "$(TARGET_NAME)";
				PROVISIONING_PROFILE_SPECIFIER = Gongbu;
				SWIFT_EMIT_LOC_STRINGS = YES;
				SWIFT_VERSION = 5.0;
				TARGETED_DEVICE_FAMILY = "1,2";
			};
			name = Release;
		};
/* End XCBuildConfiguration section */

/* Begin XCConfigurationList section */
		391921F52840BB3A00094A48 /* Build configuration list for PBXProject "Gongbu" */ = {
			isa = XCConfigurationList;
			buildConfigurations = (
				391922062840BB3B00094A48 /* Debug */,
				391922072840BB3B00094A48 /* Release */,
			);
			defaultConfigurationIsVisible = 0;
			defaultConfigurationName = Release;
		};
		391922082840BB3B00094A48 /* Build configuration list for PBXNativeTarget "Gongbu" */ = {
			isa = XCConfigurationList;
			buildConfigurations = (
				391922092840BB3B00094A48 /* Debug */,
				3919220A2840BB3B00094A48 /* Release */,
			);
			defaultConfigurationIsVisible = 0;
			defaultConfigurationName = Release;
		};
/* End XCConfigurationList section */

/* Begin XCRemoteSwiftPackageReference section */
		204E74D4284CDAC600EBEF22 /* XCRemoteSwiftPackageReference "firebase-ios-sdk" */ = {
			isa = XCRemoteSwiftPackageReference;
			repositoryURL = "https://github.com/firebase/firebase-ios-sdk.git";
			requirement = {
				kind = upToNextMajorVersion;
				minimumVersion = 9.0.0;
			};
		};
		2F5D12D628571D1300999CB4 /* XCRemoteSwiftPackageReference "CodeScanner" */ = {
			isa = XCRemoteSwiftPackageReference;
			repositoryURL = "https://github.com/twostraws/CodeScanner";
			requirement = {
				kind = upToNextMajorVersion;
				minimumVersion = 2.0.0;
			};
		};
		39E34D342858637C00977411 /* XCRemoteSwiftPackageReference "firebase-ios-sdk" */ = {
			isa = XCRemoteSwiftPackageReference;
			repositoryURL = "https://github.com/firebase/firebase-ios-sdk";
			requirement = {
				kind = upToNextMajorVersion;
				minimumVersion = 9.0.0;
			};
		};
		39E34D372858644600977411 /* XCRemoteSwiftPackageReference "firebase-ios-sdk" */ = {
			isa = XCRemoteSwiftPackageReference;
			repositoryURL = "https://github.com/firebase/firebase-ios-sdk";
			requirement = {
				kind = upToNextMajorVersion;
				minimumVersion = 9.0.0;
			};
		};
		39E34D402858649700977411 /* XCRemoteSwiftPackageReference "firebase-ios-sdk" */ = {
			isa = XCRemoteSwiftPackageReference;
			repositoryURL = "https://github.com/firebase/firebase-ios-sdk";
			requirement = {
				kind = upToNextMajorVersion;
				minimumVersion = 9.0.0;
			};
		};
/* End XCRemoteSwiftPackageReference section */

/* Begin XCSwiftPackageProductDependency section */
		204E74D5284CDAC600EBEF22 /* FirebaseAnalytics */ = {
			isa = XCSwiftPackageProductDependency;
			package = 204E74D4284CDAC600EBEF22 /* XCRemoteSwiftPackageReference "firebase-ios-sdk" */;
			productName = FirebaseAnalytics;
		};
		204E74D7284CDAC600EBEF22 /* FirebaseAuth */ = {
			isa = XCSwiftPackageProductDependency;
			package = 204E74D4284CDAC600EBEF22 /* XCRemoteSwiftPackageReference "firebase-ios-sdk" */;
			productName = FirebaseAuth;
		};
		204E74D9284CDAC600EBEF22 /* FirebaseFirestore */ = {
			isa = XCSwiftPackageProductDependency;
			package = 204E74D4284CDAC600EBEF22 /* XCRemoteSwiftPackageReference "firebase-ios-sdk" */;
			productName = FirebaseFirestore;
		};
		2F5D12D728571D1300999CB4 /* CodeScanner */ = {
			isa = XCSwiftPackageProductDependency;
			package = 2F5D12D628571D1300999CB4 /* XCRemoteSwiftPackageReference "CodeScanner" */;
			productName = CodeScanner;
		};
		39E34D352858637C00977411 /* FirebaseDatabaseSwift */ = {
			isa = XCSwiftPackageProductDependency;
			package = 39E34D342858637C00977411 /* XCRemoteSwiftPackageReference "firebase-ios-sdk" */;
			productName = FirebaseDatabaseSwift;
		};
		39E34D382858644600977411 /* FirebaseAnalytics */ = {
			isa = XCSwiftPackageProductDependency;
			package = 39E34D342858637C00977411 /* XCRemoteSwiftPackageReference "firebase-ios-sdk" */;
			productName = FirebaseAnalytics;
		};
		39E34D3A2858644600977411 /* FirebaseDatabase */ = {
			isa = XCSwiftPackageProductDependency;
			package = 39E34D342858637C00977411 /* XCRemoteSwiftPackageReference "firebase-ios-sdk" */;
			productName = FirebaseDatabase;
		};
		39E34D3C2858644600977411 /* FirebaseDatabaseSwift */ = {
			isa = XCSwiftPackageProductDependency;
			package = 39E34D342858637C00977411 /* XCRemoteSwiftPackageReference "firebase-ios-sdk" */;
			productName = FirebaseDatabaseSwift;
		};
		39E34D3E2858644600977411 /* FirebaseFirestoreSwift */ = {
			isa = XCSwiftPackageProductDependency;
			package = 39E34D342858637C00977411 /* XCRemoteSwiftPackageReference "firebase-ios-sdk" */;
			productName = FirebaseFirestoreSwift;
		};
		39E34D412858649700977411 /* FirebaseAnalytics */ = {
			isa = XCSwiftPackageProductDependency;
			package = 39E34D342858637C00977411 /* XCRemoteSwiftPackageReference "firebase-ios-sdk" */;
			productName = FirebaseAnalytics;
		};
		39E34D432858649700977411 /* FirebaseAuth */ = {
			isa = XCSwiftPackageProductDependency;
			package = 39E34D342858637C00977411 /* XCRemoteSwiftPackageReference "firebase-ios-sdk" */;
			productName = FirebaseAuth;
		};
		39E34D452858649700977411 /* FirebaseDatabase */ = {
			isa = XCSwiftPackageProductDependency;
			package = 39E34D342858637C00977411 /* XCRemoteSwiftPackageReference "firebase-ios-sdk" */;
			productName = FirebaseDatabase;
		};
		39E34D472858649700977411 /* FirebaseDatabaseSwift */ = {
			isa = XCSwiftPackageProductDependency;
			package = 39E34D342858637C00977411 /* XCRemoteSwiftPackageReference "firebase-ios-sdk" */;
			productName = FirebaseDatabaseSwift;
		};
		39E34D492858649700977411 /* FirebaseFirestore */ = {
			isa = XCSwiftPackageProductDependency;
			package = 39E34D342858637C00977411 /* XCRemoteSwiftPackageReference "firebase-ios-sdk" */;
			productName = FirebaseFirestore;
		};
		39E34D4B2858649700977411 /* FirebaseFirestoreSwift */ = {
			isa = XCSwiftPackageProductDependency;
			package = 39E34D342858637C00977411 /* XCRemoteSwiftPackageReference "firebase-ios-sdk" */;
			productName = FirebaseFirestoreSwift;
		};
/* End XCSwiftPackageProductDependency section */
	};
	rootObject = 391921F22840BB3A00094A48 /* Project object */;
}
