// !$*UTF8*$!
{
	archiveVersion = 1;
	classes = {
	};
	objectVersion = 55;
	objects = {

/* Begin PBXBuildFile section */
		204E74CF284CDA3200EBEF22 /* LoginView.swift in Sources */ = {isa = PBXBuildFile; fileRef = 204E74CE284CDA3200EBEF22 /* LoginView.swift */; };
		204E74D1284CDA5F00EBEF22 /* LoginViewModel.swift in Sources */ = {isa = PBXBuildFile; fileRef = 204E74D0284CDA5F00EBEF22 /* LoginViewModel.swift */; };
		204E74D6284CDAC600EBEF22 /* FirebaseAnalytics in Frameworks */ = {isa = PBXBuildFile; productRef = 204E74D5284CDAC600EBEF22 /* FirebaseAnalytics */; };
		204E74D8284CDAC600EBEF22 /* FirebaseAuth in Frameworks */ = {isa = PBXBuildFile; productRef = 204E74D7284CDAC600EBEF22 /* FirebaseAuth */; };
		204E74DA284CDAC600EBEF22 /* FirebaseFirestore in Frameworks */ = {isa = PBXBuildFile; productRef = 204E74D9284CDAC600EBEF22 /* FirebaseFirestore */; };
		204E74DE284CE73400EBEF22 /* HomeView.swift in Sources */ = {isa = PBXBuildFile; fileRef = 204E74DD284CE73400EBEF22 /* HomeView.swift */; };
		2F5D12D5285712A400999CB4 /* QRGenerator.swift in Sources */ = {isa = PBXBuildFile; fileRef = 2F5D12D4285712A400999CB4 /* QRGenerator.swift */; };
		2F5D12D828571D1300999CB4 /* CodeScanner in Frameworks */ = {isa = PBXBuildFile; productRef = 2F5D12D728571D1300999CB4 /* CodeScanner */; };
		2F801D29285725920065A3B5 /* QRScanner.swift in Sources */ = {isa = PBXBuildFile; fileRef = 2F801D28285725920065A3B5 /* QRScanner.swift */; };
		391921FE2840BB3A00094A48 /* GongbuApp.swift in Sources */ = {isa = PBXBuildFile; fileRef = 391921FD2840BB3A00094A48 /* GongbuApp.swift */; };
		391922002840BB3A00094A48 /* ContentView.swift in Sources */ = {isa = PBXBuildFile; fileRef = 391921FF2840BB3A00094A48 /* ContentView.swift */; };
		391922022840BB3B00094A48 /* Assets.xcassets in Resources */ = {isa = PBXBuildFile; fileRef = 391922012840BB3B00094A48 /* Assets.xcassets */; };
		391922052840BB3B00094A48 /* Preview Assets.xcassets in Resources */ = {isa = PBXBuildFile; fileRef = 391922042840BB3B00094A48 /* Preview Assets.xcassets */; };
		39EA5E772855C85C00583ECB /* EnterRoomModalView.swift in Sources */ = {isa = PBXBuildFile; fileRef = 39EA5E732855C85B00583ECB /* EnterRoomModalView.swift */; };
		39EA5E782855C85C00583ECB /* CreateRoomModalView.swift in Sources */ = {isa = PBXBuildFile; fileRef = 39EA5E742855C85C00583ECB /* CreateRoomModalView.swift */; };
		77F212A92855E43A0066E537 /* DetailView.swift in Sources */ = {isa = PBXBuildFile; fileRef = 77F212A82855E43A0066E537 /* DetailView.swift */; };
		77F212AE2855E4650066E537 /* Ranking.swift in Sources */ = {isa = PBXBuildFile; fileRef = 77F212AD2855E4650066E537 /* Ranking.swift */; };
		77F212B02855E4920066E537 /* DetailRankingView.swift in Sources */ = {isa = PBXBuildFile; fileRef = 77F212AF2855E4920066E537 /* DetailRankingView.swift */; };
		77F212B22855E4B10066E537 /* DetailQRView.swift in Sources */ = {isa = PBXBuildFile; fileRef = 77F212B12855E4B10066E537 /* DetailQRView.swift */; };
		77F212B42855E4C40066E537 /* QRButton.swift in Sources */ = {isa = PBXBuildFile; fileRef = 77F212B32855E4C40066E537 /* QRButton.swift */; };
		77F212B62855E4DF0066E537 /* UserGrid.swift in Sources */ = {isa = PBXBuildFile; fileRef = 77F212B52855E4DF0066E537 /* UserGrid.swift */; };
		77F212B82855E4F90066E537 /* DetailInformationView.swift in Sources */ = {isa = PBXBuildFile; fileRef = 77F212B72855E4F90066E537 /* DetailInformationView.swift */; };
		77F212BA2855E5140066E537 /* RoomCode.swift in Sources */ = {isa = PBXBuildFile; fileRef = 77F212B92855E5140066E537 /* RoomCode.swift */; };
		77F212BC2855E52A0066E537 /* StudySchedule.swift in Sources */ = {isa = PBXBuildFile; fileRef = 77F212BB2855E52A0066E537 /* StudySchedule.swift */; };
		77F212BE2855E54E0066E537 /* RoomListDemo.swift in Sources */ = {isa = PBXBuildFile; fileRef = 77F212BD2855E54E0066E537 /* RoomListDemo.swift */; };
		A01671582857081100F4B194 /* ScheduleModel.swift in Sources */ = {isa = PBXBuildFile; fileRef = A01671572857081100F4B194 /* ScheduleModel.swift */; };
		A0E3F4C528536A7200F50893 /* GoogleService-Info.plist in Resources */ = {isa = PBXBuildFile; fileRef = A0E3F4C428536A7200F50893 /* GoogleService-Info.plist */; };
		A0E3F4CD2853778600F50893 /* MainView.swift in Sources */ = {isa = PBXBuildFile; fileRef = A0E3F4CC2853778600F50893 /* MainView.swift */; };
		A0E3F4CF2853778900F50893 /* MainListView.swift in Sources */ = {isa = PBXBuildFile; fileRef = A0E3F4CE2853778900F50893 /* MainListView.swift */; };
		A0E3F4D12853778B00F50893 /* MainDummy.swift in Sources */ = {isa = PBXBuildFile; fileRef = A0E3F4D02853778B00F50893 /* MainDummy.swift */; };
		A0E3F4D32853778E00F50893 /* MainListCellView.swift in Sources */ = {isa = PBXBuildFile; fileRef = A0E3F4D22853778E00F50893 /* MainListCellView.swift */; };
		A0E3F4D52853779000F50893 /* MainHeaderView.swift in Sources */ = {isa = PBXBuildFile; fileRef = A0E3F4D42853779000F50893 /* MainHeaderView.swift */; };
		FB53F1B22855DD53003D411A /* AttendenceInfoModel.swift in Sources */ = {isa = PBXBuildFile; fileRef = FB53F1B12855DD53003D411A /* AttendenceInfoModel.swift */; };
		FB53F1B42855DD6D003D411A /* StudyModel.swift in Sources */ = {isa = PBXBuildFile; fileRef = FB53F1B32855DD6D003D411A /* StudyModel.swift */; };
		FB53F1B72855DD94003D411A /* UserInfoModel.swift in Sources */ = {isa = PBXBuildFile; fileRef = FB53F1B62855DD94003D411A /* UserInfoModel.swift */; };
		FB53F1B92855DDB9003D411A /* UserModel.swift in Sources */ = {isa = PBXBuildFile; fileRef = FB53F1B82855DDB9003D411A /* UserModel.swift */; };
		FB53F1C52857399C003D411A /* StudyListCellView.swift in Sources */ = {isa = PBXBuildFile; fileRef = FB53F1C42857399C003D411A /* StudyListCellView.swift */; };
		FB53F1C728573CB4003D411A /* StudyListView.swift in Sources */ = {isa = PBXBuildFile; fileRef = FB53F1C628573CB3003D411A /* StudyListView.swift */; };
/* End PBXBuildFile section */

/* Begin PBXFileReference section */
		204E74CD284CDA2200EBEF22 /* Gongbu.entitlements */ = {isa = PBXFileReference; lastKnownFileType = text.plist.entitlements; path = Gongbu.entitlements; sourceTree = "<group>"; };
		204E74CE284CDA3200EBEF22 /* LoginView.swift */ = {isa = PBXFileReference; lastKnownFileType = sourcecode.swift; path = LoginView.swift; sourceTree = "<group>"; };
		204E74D0284CDA5F00EBEF22 /* LoginViewModel.swift */ = {isa = PBXFileReference; lastKnownFileType = sourcecode.swift; path = LoginViewModel.swift; sourceTree = "<group>"; };
		204E74DD284CE73400EBEF22 /* HomeView.swift */ = {isa = PBXFileReference; lastKnownFileType = sourcecode.swift; path = HomeView.swift; sourceTree = "<group>"; };
		2F5D12D4285712A400999CB4 /* QRGenerator.swift */ = {isa = PBXFileReference; lastKnownFileType = sourcecode.swift; path = QRGenerator.swift; sourceTree = "<group>"; };
		2F801D28285725920065A3B5 /* QRScanner.swift */ = {isa = PBXFileReference; lastKnownFileType = sourcecode.swift; path = QRScanner.swift; sourceTree = "<group>"; };
		391921FA2840BB3A00094A48 /* Gongbu.app */ = {isa = PBXFileReference; explicitFileType = wrapper.application; includeInIndex = 0; path = Gongbu.app; sourceTree = BUILT_PRODUCTS_DIR; };
		391921FD2840BB3A00094A48 /* GongbuApp.swift */ = {isa = PBXFileReference; lastKnownFileType = sourcecode.swift; path = GongbuApp.swift; sourceTree = "<group>"; };
		391921FF2840BB3A00094A48 /* ContentView.swift */ = {isa = PBXFileReference; lastKnownFileType = sourcecode.swift; path = ContentView.swift; sourceTree = "<group>"; };
		391922012840BB3B00094A48 /* Assets.xcassets */ = {isa = PBXFileReference; lastKnownFileType = folder.assetcatalog; path = Assets.xcassets; sourceTree = "<group>"; };
		391922042840BB3B00094A48 /* Preview Assets.xcassets */ = {isa = PBXFileReference; lastKnownFileType = folder.assetcatalog; path = "Preview Assets.xcassets"; sourceTree = "<group>"; };
		39EA5E732855C85B00583ECB /* EnterRoomModalView.swift */ = {isa = PBXFileReference; fileEncoding = 4; lastKnownFileType = sourcecode.swift; path = EnterRoomModalView.swift; sourceTree = "<group>"; };
		39EA5E742855C85C00583ECB /* CreateRoomModalView.swift */ = {isa = PBXFileReference; fileEncoding = 4; lastKnownFileType = sourcecode.swift; path = CreateRoomModalView.swift; sourceTree = "<group>"; };
		77F212A82855E43A0066E537 /* DetailView.swift */ = {isa = PBXFileReference; lastKnownFileType = sourcecode.swift; path = DetailView.swift; sourceTree = "<group>"; };
		77F212AD2855E4650066E537 /* Ranking.swift */ = {isa = PBXFileReference; lastKnownFileType = sourcecode.swift; path = Ranking.swift; sourceTree = "<group>"; };
		77F212AF2855E4920066E537 /* DetailRankingView.swift */ = {isa = PBXFileReference; lastKnownFileType = sourcecode.swift; path = DetailRankingView.swift; sourceTree = "<group>"; };
		77F212B12855E4B10066E537 /* DetailQRView.swift */ = {isa = PBXFileReference; lastKnownFileType = sourcecode.swift; path = DetailQRView.swift; sourceTree = "<group>"; };
		77F212B32855E4C40066E537 /* QRButton.swift */ = {isa = PBXFileReference; lastKnownFileType = sourcecode.swift; path = QRButton.swift; sourceTree = "<group>"; };
		77F212B52855E4DF0066E537 /* UserGrid.swift */ = {isa = PBXFileReference; lastKnownFileType = sourcecode.swift; path = UserGrid.swift; sourceTree = "<group>"; };
		77F212B72855E4F90066E537 /* DetailInformationView.swift */ = {isa = PBXFileReference; lastKnownFileType = sourcecode.swift; path = DetailInformationView.swift; sourceTree = "<group>"; };
		77F212B92855E5140066E537 /* RoomCode.swift */ = {isa = PBXFileReference; lastKnownFileType = sourcecode.swift; path = RoomCode.swift; sourceTree = "<group>"; };
		77F212BB2855E52A0066E537 /* StudySchedule.swift */ = {isa = PBXFileReference; lastKnownFileType = sourcecode.swift; path = StudySchedule.swift; sourceTree = "<group>"; };
		77F212BD2855E54E0066E537 /* RoomListDemo.swift */ = {isa = PBXFileReference; lastKnownFileType = sourcecode.swift; path = RoomListDemo.swift; sourceTree = "<group>"; };
		A01671572857081100F4B194 /* ScheduleModel.swift */ = {isa = PBXFileReference; lastKnownFileType = sourcecode.swift; path = ScheduleModel.swift; sourceTree = "<group>"; };
		A0E3F4C428536A7200F50893 /* GoogleService-Info.plist */ = {isa = PBXFileReference; fileEncoding = 4; lastKnownFileType = text.plist.xml; path = "GoogleService-Info.plist"; sourceTree = "<group>"; };
		A0E3F4CC2853778600F50893 /* MainView.swift */ = {isa = PBXFileReference; lastKnownFileType = sourcecode.swift; path = MainView.swift; sourceTree = "<group>"; };
		A0E3F4CE2853778900F50893 /* MainListView.swift */ = {isa = PBXFileReference; lastKnownFileType = sourcecode.swift; path = MainListView.swift; sourceTree = "<group>"; };
		A0E3F4D02853778B00F50893 /* MainDummy.swift */ = {isa = PBXFileReference; lastKnownFileType = sourcecode.swift; path = MainDummy.swift; sourceTree = "<group>"; };
		A0E3F4D22853778E00F50893 /* MainListCellView.swift */ = {isa = PBXFileReference; lastKnownFileType = sourcecode.swift; path = MainListCellView.swift; sourceTree = "<group>"; };
		A0E3F4D42853779000F50893 /* MainHeaderView.swift */ = {isa = PBXFileReference; lastKnownFileType = sourcecode.swift; path = MainHeaderView.swift; sourceTree = "<group>"; };
		FB53F1B12855DD53003D411A /* AttendenceInfoModel.swift */ = {isa = PBXFileReference; lastKnownFileType = sourcecode.swift; path = AttendenceInfoModel.swift; sourceTree = "<group>"; };
		FB53F1B32855DD6D003D411A /* StudyModel.swift */ = {isa = PBXFileReference; lastKnownFileType = sourcecode.swift; path = StudyModel.swift; sourceTree = "<group>"; };
		FB53F1B62855DD94003D411A /* UserInfoModel.swift */ = {isa = PBXFileReference; lastKnownFileType = sourcecode.swift; path = UserInfoModel.swift; sourceTree = "<group>"; };
		FB53F1B82855DDB9003D411A /* UserModel.swift */ = {isa = PBXFileReference; lastKnownFileType = sourcecode.swift; path = UserModel.swift; sourceTree = "<group>"; };
		FB53F1C42857399C003D411A /* StudyListCellView.swift */ = {isa = PBXFileReference; lastKnownFileType = sourcecode.swift; path = StudyListCellView.swift; sourceTree = "<group>"; };
		FB53F1C628573CB3003D411A /* StudyListView.swift */ = {isa = PBXFileReference; lastKnownFileType = sourcecode.swift; path = StudyListView.swift; sourceTree = "<group>"; };
/* End PBXFileReference section */

/* Begin PBXFrameworksBuildPhase section */
		391921F72840BB3A00094A48 /* Frameworks */ = {
			isa = PBXFrameworksBuildPhase;
			buildActionMask = 2147483647;
			files = (
				2F5D12D828571D1300999CB4 /* CodeScanner in Frameworks */,
				204E74D6284CDAC600EBEF22 /* FirebaseAnalytics in Frameworks */,
				204E74D8284CDAC600EBEF22 /* FirebaseAuth in Frameworks */,
				204E74DA284CDAC600EBEF22 /* FirebaseFirestore in Frameworks */,
			);
			runOnlyForDeploymentPostprocessing = 0;
		};
/* End PBXFrameworksBuildPhase section */

/* Begin PBXGroup section */
		204E74D2284CDA6600EBEF22 /* View */ = {
			isa = PBXGroup;
			children = (
				77F212A72855E3A50066E537 /* DetailView */,
				39EA5E732855C85B00583ECB /* EnterRoomModalView.swift */,
				39EA5E742855C85C00583ECB /* CreateRoomModalView.swift */,
				FB53F1C628573CB3003D411A /* StudyListView.swift */,
				FB53F1C42857399C003D411A /* StudyListCellView.swift */,
				A0E3F4D62853779F00F50893 /* MainViewGroup */,
				204E74CE284CDA3200EBEF22 /* LoginView.swift */,
				204E74DD284CE73400EBEF22 /* HomeView.swift */,
			);
			path = View;
			sourceTree = "<group>";
		};
		204E74D3284CDA6E00EBEF22 /* ViewModel */ = {
			isa = PBXGroup;
			children = (
				204E74D0284CDA5F00EBEF22 /* LoginViewModel.swift */,
			);
			path = ViewModel;
			sourceTree = "<group>";
		};
		391921F12840BB3A00094A48 = {
			isa = PBXGroup;
			children = (
				391921FC2840BB3A00094A48 /* Gongbu */,
				391921FB2840BB3A00094A48 /* Products */,
			);
			sourceTree = "<group>";
		};
		391921FB2840BB3A00094A48 /* Products */ = {
			isa = PBXGroup;
			children = (
				391921FA2840BB3A00094A48 /* Gongbu.app */,
			);
			name = Products;
			sourceTree = "<group>";
		};
		391921FC2840BB3A00094A48 /* Gongbu */ = {
			isa = PBXGroup;
			children = (
				FB53F1B02855DD28003D411A /* Model */,
				A0E3F4C428536A7200F50893 /* GoogleService-Info.plist */,
				204E74D3284CDA6E00EBEF22 /* ViewModel */,
				204E74D2284CDA6600EBEF22 /* View */,
				204E74CD284CDA2200EBEF22 /* Gongbu.entitlements */,
				391921FD2840BB3A00094A48 /* GongbuApp.swift */,
				391921FF2840BB3A00094A48 /* ContentView.swift */,
				391922012840BB3B00094A48 /* Assets.xcassets */,
				391922032840BB3B00094A48 /* Preview Content */,
			);
			path = Gongbu;
			sourceTree = "<group>";
		};
		391922032840BB3B00094A48 /* Preview Content */ = {
			isa = PBXGroup;
			children = (
				391922042840BB3B00094A48 /* Preview Assets.xcassets */,
			);
			path = "Preview Content";
			sourceTree = "<group>";
		};
		77F212A72855E3A50066E537 /* DetailView */ = {
			isa = PBXGroup;
			children = (
				77F212AC2855E4520066E537 /* DetailInformation */,
				77F212AB2855E44A0066E537 /* DetailQR */,
				77F212AA2855E4420066E537 /* DetailRanking */,
				77F212A82855E43A0066E537 /* DetailView.swift */,
				77F212BD2855E54E0066E537 /* RoomListDemo.swift */,
			);
			path = DetailView;
			sourceTree = "<group>";
		};
		77F212AA2855E4420066E537 /* DetailRanking */ = {
			isa = PBXGroup;
			children = (
				77F212AD2855E4650066E537 /* Ranking.swift */,
				77F212AF2855E4920066E537 /* DetailRankingView.swift */,
			);
			path = DetailRanking;
			sourceTree = "<group>";
		};
		77F212AB2855E44A0066E537 /* DetailQR */ = {
			isa = PBXGroup;
			children = (
				77F212B12855E4B10066E537 /* DetailQRView.swift */,
				77F212B52855E4DF0066E537 /* UserGrid.swift */,
				77F212B32855E4C40066E537 /* QRButton.swift */,
				2F5D12D4285712A400999CB4 /* QRGenerator.swift */,
				2F801D28285725920065A3B5 /* QRScanner.swift */,
			);
			path = DetailQR;
			sourceTree = "<group>";
		};
		77F212AC2855E4520066E537 /* DetailInformation */ = {
			isa = PBXGroup;
			children = (
				77F212B72855E4F90066E537 /* DetailInformationView.swift */,
				77F212BB2855E52A0066E537 /* StudySchedule.swift */,
				77F212B92855E5140066E537 /* RoomCode.swift */,
			);
			path = DetailInformation;
			sourceTree = "<group>";
		};
		A0E3F4D62853779F00F50893 /* MainViewGroup */ = {
			isa = PBXGroup;
			children = (
				A0E3F4CC2853778600F50893 /* MainView.swift */,
				A0E3F4D42853779000F50893 /* MainHeaderView.swift */,
				A0E3F4CE2853778900F50893 /* MainListView.swift */,
				A0E3F4D22853778E00F50893 /* MainListCellView.swift */,
				A0E3F4D02853778B00F50893 /* MainDummy.swift */,
			);
			path = MainViewGroup;
			sourceTree = "<group>";
		};
		FB53F1B02855DD28003D411A /* Model */ = {
			isa = PBXGroup;
			children = (
				FB53F1B12855DD53003D411A /* AttendenceInfoModel.swift */,
				FB53F1B32855DD6D003D411A /* StudyModel.swift */,
				FB53F1B62855DD94003D411A /* UserInfoModel.swift */,
				FB53F1B82855DDB9003D411A /* UserModel.swift */,
				A01671572857081100F4B194 /* ScheduleModel.swift */,
			);
			path = Model;
			sourceTree = "<group>";
		};
/* End PBXGroup section */

/* Begin PBXNativeTarget section */
		391921F92840BB3A00094A48 /* Gongbu */ = {
			isa = PBXNativeTarget;
			buildConfigurationList = 391922082840BB3B00094A48 /* Build configuration list for PBXNativeTarget "Gongbu" */;
			buildPhases = (
				391921F62840BB3A00094A48 /* Sources */,
				391921F72840BB3A00094A48 /* Frameworks */,
				391921F82840BB3A00094A48 /* Resources */,
			);
			buildRules = (
			);
			dependencies = (
			);
			name = Gongbu;
			packageProductDependencies = (
				204E74D5284CDAC600EBEF22 /* FirebaseAnalytics */,
				204E74D7284CDAC600EBEF22 /* FirebaseAuth */,
				204E74D9284CDAC600EBEF22 /* FirebaseFirestore */,
				2F5D12D728571D1300999CB4 /* CodeScanner */,
			);
			productName = Gongbu;
			productReference = 391921FA2840BB3A00094A48 /* Gongbu.app */;
			productType = "com.apple.product-type.application";
		};
/* End PBXNativeTarget section */

/* Begin PBXProject section */
		391921F22840BB3A00094A48 /* Project object */ = {
			isa = PBXProject;
			attributes = {
				BuildIndependentTargetsInParallel = 1;
				LastSwiftUpdateCheck = 1330;
				LastUpgradeCheck = 1330;
				TargetAttributes = {
					391921F92840BB3A00094A48 = {
						CreatedOnToolsVersion = 13.3;
					};
				};
			};
			buildConfigurationList = 391921F52840BB3A00094A48 /* Build configuration list for PBXProject "Gongbu" */;
			compatibilityVersion = "Xcode 13.0";
			developmentRegion = en;
			hasScannedForEncodings = 0;
			knownRegions = (
				en,
				Base,
			);
			mainGroup = 391921F12840BB3A00094A48;
			packageReferences = (
				204E74D4284CDAC600EBEF22 /* XCRemoteSwiftPackageReference "firebase-ios-sdk" */,
				2F5D12D628571D1300999CB4 /* XCRemoteSwiftPackageReference "CodeScanner" */,
			);
			productRefGroup = 391921FB2840BB3A00094A48 /* Products */;
			projectDirPath = "";
			projectRoot = "";
			targets = (
				391921F92840BB3A00094A48 /* Gongbu */,
			);
		};
/* End PBXProject section */

/* Begin PBXResourcesBuildPhase section */
		391921F82840BB3A00094A48 /* Resources */ = {
			isa = PBXResourcesBuildPhase;
			buildActionMask = 2147483647;
			files = (
				391922052840BB3B00094A48 /* Preview Assets.xcassets in Resources */,
				391922022840BB3B00094A48 /* Assets.xcassets in Resources */,
				A0E3F4C528536A7200F50893 /* GoogleService-Info.plist in Resources */,
			);
			runOnlyForDeploymentPostprocessing = 0;
		};
/* End PBXResourcesBuildPhase section */

/* Begin PBXSourcesBuildPhase section */
		391921F62840BB3A00094A48 /* Sources */ = {
			isa = PBXSourcesBuildPhase;
			buildActionMask = 2147483647;
			files = (
				77F212BE2855E54E0066E537 /* RoomListDemo.swift in Sources */,
				FB53F1B72855DD94003D411A /* UserInfoModel.swift in Sources */,
				39EA5E772855C85C00583ECB /* EnterRoomModalView.swift in Sources */,
				2F5D12D5285712A400999CB4 /* QRGenerator.swift in Sources */,
				A0E3F4D52853779000F50893 /* MainHeaderView.swift in Sources */,
				A0E3F4D32853778E00F50893 /* MainListCellView.swift in Sources */,
				204E74D1284CDA5F00EBEF22 /* LoginViewModel.swift in Sources */,
				77F212BC2855E52A0066E537 /* StudySchedule.swift in Sources */,
				A0E3F4CD2853778600F50893 /* MainView.swift in Sources */,
				204E74CF284CDA3200EBEF22 /* LoginView.swift in Sources */,
				77F212B82855E4F90066E537 /* DetailInformationView.swift in Sources */,
				77F212AE2855E4650066E537 /* Ranking.swift in Sources */,
				77F212B62855E4DF0066E537 /* UserGrid.swift in Sources */,
				A0E3F4D12853778B00F50893 /* MainDummy.swift in Sources */,
				77F212B42855E4C40066E537 /* QRButton.swift in Sources */,
				391922002840BB3A00094A48 /* ContentView.swift in Sources */,
				77F212A92855E43A0066E537 /* DetailView.swift in Sources */,
				A0E3F4CF2853778900F50893 /* MainListView.swift in Sources */,
				A01671582857081100F4B194 /* ScheduleModel.swift in Sources */,
				77F212B22855E4B10066E537 /* DetailQRView.swift in Sources */,
				77F212B22855E4B10066E537 /* DetailQRView.swift in Sources */,
				77F212B02855E4920066E537 /* DetailRankingView.swift in Sources */,
				FB53F1C52857399C003D411A /* StudyListCellView.swift in Sources */,
				2F801D29285725920065A3B5 /* QRScanner.swift in Sources */,
				77F212BA2855E5140066E537 /* RoomCode.swift in Sources */,
				39EA5E782855C85C00583ECB /* CreateRoomModalView.swift in Sources */,
				FB53F1B22855DD53003D411A /* AttendenceInfoModel.swift in Sources */,
				204E74DE284CE73400EBEF22 /* HomeView.swift in Sources */,
				FB53F1B92855DDB9003D411A /* UserModel.swift in Sources */,
				FB53F1B42855DD6D003D411A /* StudyModel.swift in Sources */,
				FB53F1C728573CB4003D411A /* StudyListView.swift in Sources */,
				391921FE2840BB3A00094A48 /* GongbuApp.swift in Sources */,
			);
			runOnlyForDeploymentPostprocessing = 0;
		};
/* End PBXSourcesBuildPhase section */

/* Begin XCBuildConfiguration section */
		391922062840BB3B00094A48 /* Debug */ = {
			isa = XCBuildConfiguration;
			buildSettings = {
				ALWAYS_SEARCH_USER_PATHS = NO;
				CLANG_ANALYZER_NONNULL = YES;
				CLANG_ANALYZER_NUMBER_OBJECT_CONVERSION = YES_AGGRESSIVE;
				CLANG_CXX_LANGUAGE_STANDARD = "gnu++17";
				CLANG_ENABLE_MODULES = YES;
				CLANG_ENABLE_OBJC_ARC = YES;
				CLANG_ENABLE_OBJC_WEAK = YES;
				CLANG_WARN_BLOCK_CAPTURE_AUTORELEASING = YES;
				CLANG_WARN_BOOL_CONVERSION = YES;
				CLANG_WARN_COMMA = YES;
				CLANG_WARN_CONSTANT_CONVERSION = YES;
				CLANG_WARN_DEPRECATED_OBJC_IMPLEMENTATIONS = YES;
				CLANG_WARN_DIRECT_OBJC_ISA_USAGE = YES_ERROR;
				CLANG_WARN_DOCUMENTATION_COMMENTS = YES;
				CLANG_WARN_EMPTY_BODY = YES;
				CLANG_WARN_ENUM_CONVERSION = YES;
				CLANG_WARN_INFINITE_RECURSION = YES;
				CLANG_WARN_INT_CONVERSION = YES;
				CLANG_WARN_NON_LITERAL_NULL_CONVERSION = YES;
				CLANG_WARN_OBJC_IMPLICIT_RETAIN_SELF = YES;
				CLANG_WARN_OBJC_LITERAL_CONVERSION = YES;
				CLANG_WARN_OBJC_ROOT_CLASS = YES_ERROR;
				CLANG_WARN_QUOTED_INCLUDE_IN_FRAMEWORK_HEADER = YES;
				CLANG_WARN_RANGE_LOOP_ANALYSIS = YES;
				CLANG_WARN_STRICT_PROTOTYPES = YES;
				CLANG_WARN_SUSPICIOUS_MOVE = YES;
				CLANG_WARN_UNGUARDED_AVAILABILITY = YES_AGGRESSIVE;
				CLANG_WARN_UNREACHABLE_CODE = YES;
				CLANG_WARN__DUPLICATE_METHOD_MATCH = YES;
				COPY_PHASE_STRIP = NO;
				DEBUG_INFORMATION_FORMAT = dwarf;
				ENABLE_STRICT_OBJC_MSGSEND = YES;
				ENABLE_TESTABILITY = YES;
				GCC_C_LANGUAGE_STANDARD = gnu11;
				GCC_DYNAMIC_NO_PIC = NO;
				GCC_NO_COMMON_BLOCKS = YES;
				GCC_OPTIMIZATION_LEVEL = 0;
				GCC_PREPROCESSOR_DEFINITIONS = (
					"DEBUG=1",
					"$(inherited)",
				);
				GCC_WARN_64_TO_32_BIT_CONVERSION = YES;
				GCC_WARN_ABOUT_RETURN_TYPE = YES_ERROR;
				GCC_WARN_UNDECLARED_SELECTOR = YES;
				GCC_WARN_UNINITIALIZED_AUTOS = YES_AGGRESSIVE;
				GCC_WARN_UNUSED_FUNCTION = YES;
				GCC_WARN_UNUSED_VARIABLE = YES;
				IPHONEOS_DEPLOYMENT_TARGET = 15.4;
				MTL_ENABLE_DEBUG_INFO = INCLUDE_SOURCE;
				MTL_FAST_MATH = YES;
				ONLY_ACTIVE_ARCH = YES;
				SDKROOT = iphoneos;
				SWIFT_ACTIVE_COMPILATION_CONDITIONS = DEBUG;
				SWIFT_OPTIMIZATION_LEVEL = "-Onone";
			};
			name = Debug;
		};
		391922072840BB3B00094A48 /* Release */ = {
			isa = XCBuildConfiguration;
			buildSettings = {
				ALWAYS_SEARCH_USER_PATHS = NO;
				CLANG_ANALYZER_NONNULL = YES;
				CLANG_ANALYZER_NUMBER_OBJECT_CONVERSION = YES_AGGRESSIVE;
				CLANG_CXX_LANGUAGE_STANDARD = "gnu++17";
				CLANG_ENABLE_MODULES = YES;
				CLANG_ENABLE_OBJC_ARC = YES;
				CLANG_ENABLE_OBJC_WEAK = YES;
				CLANG_WARN_BLOCK_CAPTURE_AUTORELEASING = YES;
				CLANG_WARN_BOOL_CONVERSION = YES;
				CLANG_WARN_COMMA = YES;
				CLANG_WARN_CONSTANT_CONVERSION = YES;
				CLANG_WARN_DEPRECATED_OBJC_IMPLEMENTATIONS = YES;
				CLANG_WARN_DIRECT_OBJC_ISA_USAGE = YES_ERROR;
				CLANG_WARN_DOCUMENTATION_COMMENTS = YES;
				CLANG_WARN_EMPTY_BODY = YES;
				CLANG_WARN_ENUM_CONVERSION = YES;
				CLANG_WARN_INFINITE_RECURSION = YES;
				CLANG_WARN_INT_CONVERSION = YES;
				CLANG_WARN_NON_LITERAL_NULL_CONVERSION = YES;
				CLANG_WARN_OBJC_IMPLICIT_RETAIN_SELF = YES;
				CLANG_WARN_OBJC_LITERAL_CONVERSION = YES;
				CLANG_WARN_OBJC_ROOT_CLASS = YES_ERROR;
				CLANG_WARN_QUOTED_INCLUDE_IN_FRAMEWORK_HEADER = YES;
				CLANG_WARN_RANGE_LOOP_ANALYSIS = YES;
				CLANG_WARN_STRICT_PROTOTYPES = YES;
				CLANG_WARN_SUSPICIOUS_MOVE = YES;
				CLANG_WARN_UNGUARDED_AVAILABILITY = YES_AGGRESSIVE;
				CLANG_WARN_UNREACHABLE_CODE = YES;
				CLANG_WARN__DUPLICATE_METHOD_MATCH = YES;
				COPY_PHASE_STRIP = NO;
				DEBUG_INFORMATION_FORMAT = "dwarf-with-dsym";
				ENABLE_NS_ASSERTIONS = NO;
				ENABLE_STRICT_OBJC_MSGSEND = YES;
				GCC_C_LANGUAGE_STANDARD = gnu11;
				GCC_NO_COMMON_BLOCKS = YES;
				GCC_WARN_64_TO_32_BIT_CONVERSION = YES;
				GCC_WARN_ABOUT_RETURN_TYPE = YES_ERROR;
				GCC_WARN_UNDECLARED_SELECTOR = YES;
				GCC_WARN_UNINITIALIZED_AUTOS = YES_AGGRESSIVE;
				GCC_WARN_UNUSED_FUNCTION = YES;
				GCC_WARN_UNUSED_VARIABLE = YES;
				IPHONEOS_DEPLOYMENT_TARGET = 15.4;
				MTL_ENABLE_DEBUG_INFO = NO;
				MTL_FAST_MATH = YES;
				SDKROOT = iphoneos;
				SWIFT_COMPILATION_MODE = wholemodule;
				SWIFT_OPTIMIZATION_LEVEL = "-O";
				VALIDATE_PRODUCT = YES;
			};
			name = Release;
		};
		391922092840BB3B00094A48 /* Debug */ = {
			isa = XCBuildConfiguration;
			buildSettings = {
				ASSETCATALOG_COMPILER_APPICON_NAME = AppIcon;
				ASSETCATALOG_COMPILER_GLOBAL_ACCENT_COLOR_NAME = AccentColor;
				CODE_SIGN_ENTITLEMENTS = Gongbu/Gongbu.entitlements;
				CODE_SIGN_IDENTITY = "iPhone Developer";
				CODE_SIGN_STYLE = Manual;
				CURRENT_PROJECT_VERSION = 1;
				DEVELOPMENT_ASSET_PATHS = "\"Gongbu/Preview Content\"";
				DEVELOPMENT_TEAM = Y6P5ZFWBM8;
				ENABLE_PREVIEWS = YES;
				GENERATE_INFOPLIST_FILE = YES;
				INFOPLIST_KEY_NSCameraUsageDescription = "Scan QR";
				INFOPLIST_KEY_UIApplicationSceneManifest_Generation = YES;
				INFOPLIST_KEY_UIApplicationSupportsIndirectInputEvents = YES;
				INFOPLIST_KEY_UILaunchScreen_Generation = YES;
				INFOPLIST_KEY_UISupportedInterfaceOrientations_iPad = "UIInterfaceOrientationPortrait UIInterfaceOrientationPortraitUpsideDown UIInterfaceOrientationLandscapeLeft UIInterfaceOrientationLandscapeRight";
				INFOPLIST_KEY_UISupportedInterfaceOrientations_iPhone = "UIInterfaceOrientationPortrait UIInterfaceOrientationLandscapeLeft UIInterfaceOrientationLandscapeRight";
				LD_RUNPATH_SEARCH_PATHS = (
					"$(inherited)",
					"@executable_path/Frameworks",
				);
				MARKETING_VERSION = 1.0;
				PRODUCT_BUNDLE_IDENTIFIER = com.sixguys.Gongbu;
				PRODUCT_NAME = "$(TARGET_NAME)";
				PROVISIONING_PROFILE_SPECIFIER = Gongbu;
				SWIFT_EMIT_LOC_STRINGS = YES;
				SWIFT_VERSION = 5.0;
				TARGETED_DEVICE_FAMILY = "1,2";
			};
			name = Debug;
		};
		3919220A2840BB3B00094A48 /* Release */ = {
			isa = XCBuildConfiguration;
			buildSettings = {
				ASSETCATALOG_COMPILER_APPICON_NAME = AppIcon;
				ASSETCATALOG_COMPILER_GLOBAL_ACCENT_COLOR_NAME = AccentColor;
				CODE_SIGN_ENTITLEMENTS = Gongbu/Gongbu.entitlements;
				CODE_SIGN_IDENTITY = "iPhone Developer";
				CODE_SIGN_STYLE = Manual;
				CURRENT_PROJECT_VERSION = 1;
				DEVELOPMENT_ASSET_PATHS = "\"Gongbu/Preview Content\"";
				DEVELOPMENT_TEAM = Y6P5ZFWBM8;
				ENABLE_PREVIEWS = YES;
				GENERATE_INFOPLIST_FILE = YES;
				INFOPLIST_KEY_NSCameraUsageDescription = "Scan QR";
				INFOPLIST_KEY_UIApplicationSceneManifest_Generation = YES;
				INFOPLIST_KEY_UIApplicationSupportsIndirectInputEvents = YES;
				INFOPLIST_KEY_UILaunchScreen_Generation = YES;
				INFOPLIST_KEY_UISupportedInterfaceOrientations_iPad = "UIInterfaceOrientationPortrait UIInterfaceOrientationPortraitUpsideDown UIInterfaceOrientationLandscapeLeft UIInterfaceOrientationLandscapeRight";
				INFOPLIST_KEY_UISupportedInterfaceOrientations_iPhone = "UIInterfaceOrientationPortrait UIInterfaceOrientationLandscapeLeft UIInterfaceOrientationLandscapeRight";
				LD_RUNPATH_SEARCH_PATHS = (
					"$(inherited)",
					"@executable_path/Frameworks",
				);
				MARKETING_VERSION = 1.0;
				PRODUCT_BUNDLE_IDENTIFIER = com.sixguys.Gongbu;
				PRODUCT_NAME = "$(TARGET_NAME)";
				PROVISIONING_PROFILE_SPECIFIER = Gongbu;
				SWIFT_EMIT_LOC_STRINGS = YES;
				SWIFT_VERSION = 5.0;
				TARGETED_DEVICE_FAMILY = "1,2";
			};
			name = Release;
		};
/* End XCBuildConfiguration section */

/* Begin XCConfigurationList section */
		391921F52840BB3A00094A48 /* Build configuration list for PBXProject "Gongbu" */ = {
			isa = XCConfigurationList;
			buildConfigurations = (
				391922062840BB3B00094A48 /* Debug */,
				391922072840BB3B00094A48 /* Release */,
			);
			defaultConfigurationIsVisible = 0;
			defaultConfigurationName = Release;
		};
		391922082840BB3B00094A48 /* Build configuration list for PBXNativeTarget "Gongbu" */ = {
			isa = XCConfigurationList;
			buildConfigurations = (
				391922092840BB3B00094A48 /* Debug */,
				3919220A2840BB3B00094A48 /* Release */,
			);
			defaultConfigurationIsVisible = 0;
			defaultConfigurationName = Release;
		};
/* End XCConfigurationList section */

/* Begin XCRemoteSwiftPackageReference section */
		204E74D4284CDAC600EBEF22 /* XCRemoteSwiftPackageReference "firebase-ios-sdk" */ = {
			isa = XCRemoteSwiftPackageReference;
			repositoryURL = "https://github.com/firebase/firebase-ios-sdk.git";
			requirement = {
				kind = upToNextMajorVersion;
				minimumVersion = 9.0.0;
			};
		};
		2F5D12D628571D1300999CB4 /* XCRemoteSwiftPackageReference "CodeScanner" */ = {
			isa = XCRemoteSwiftPackageReference;
			repositoryURL = "https://github.com/twostraws/CodeScanner";
			requirement = {
				kind = upToNextMajorVersion;
				minimumVersion = 2.0.0;
			};
		};
/* End XCRemoteSwiftPackageReference section */

/* Begin XCSwiftPackageProductDependency section */
		204E74D5284CDAC600EBEF22 /* FirebaseAnalytics */ = {
			isa = XCSwiftPackageProductDependency;
			package = 204E74D4284CDAC600EBEF22 /* XCRemoteSwiftPackageReference "firebase-ios-sdk" */;
			productName = FirebaseAnalytics;
		};
		204E74D7284CDAC600EBEF22 /* FirebaseAuth */ = {
			isa = XCSwiftPackageProductDependency;
			package = 204E74D4284CDAC600EBEF22 /* XCRemoteSwiftPackageReference "firebase-ios-sdk" */;
			productName = FirebaseAuth;
		};
		204E74D9284CDAC600EBEF22 /* FirebaseFirestore */ = {
			isa = XCSwiftPackageProductDependency;
			package = 204E74D4284CDAC600EBEF22 /* XCRemoteSwiftPackageReference "firebase-ios-sdk" */;
			productName = FirebaseFirestore;
		};
		2F5D12D728571D1300999CB4 /* CodeScanner */ = {
			isa = XCSwiftPackageProductDependency;
			package = 2F5D12D628571D1300999CB4 /* XCRemoteSwiftPackageReference "CodeScanner" */;
			productName = CodeScanner;
		};
/* End XCSwiftPackageProductDependency section */
	};
	rootObject = 391921F22840BB3A00094A48 /* Project object */;
}
